// !$*UTF8*$!
{
	archiveVersion = 1;
	classes = {
	};
	objectVersion = 46;
	objects = {

/* Begin PBXBuildFile section */
		029B447315412BD500D0E250 /* RFLibraries-Prefix.pch in Headers */ = {isa = PBXBuildFile; fileRef = 029B447215412BD500D0E250 /* RFLibraries-Prefix.pch */; };
		029B448D15412C7100D0E250 /* RFMacros.h in Headers */ = {isa = PBXBuildFile; fileRef = 029B448815412C7100D0E250 /* RFMacros.h */; };
		029B448E15412C7100D0E250 /* ISO8601DateFormatter.h in Headers */ = {isa = PBXBuildFile; fileRef = 029B448915412C7100D0E250 /* ISO8601DateFormatter.h */; };
		029B448F15412C7100D0E250 /* ISO8601DateFormatter.m in Sources */ = {isa = PBXBuildFile; fileRef = 029B448A15412C7100D0E250 /* ISO8601DateFormatter.m */; };
		029B449015412C7100D0E250 /* ISO8601DateFormatter.m in Sources */ = {isa = PBXBuildFile; fileRef = 029B448A15412C7100D0E250 /* ISO8601DateFormatter.m */; };
		029B449115412C7100D0E250 /* WebSnapsticle.h in Headers */ = {isa = PBXBuildFile; fileRef = 029B448B15412C7100D0E250 /* WebSnapsticle.h */; };
		029B449215412C7100D0E250 /* WebSnapsticle.m in Sources */ = {isa = PBXBuildFile; fileRef = 029B448C15412C7100D0E250 /* WebSnapsticle.m */; };
		029B449315412C7100D0E250 /* WebSnapsticle.m in Sources */ = {isa = PBXBuildFile; fileRef = 029B448C15412C7100D0E250 /* WebSnapsticle.m */; };
		029B44A615412C8900D0E250 /* NSString+Additions.h in Headers */ = {isa = PBXBuildFile; fileRef = 029B449415412C8900D0E250 /* NSString+Additions.h */; };
		029B44A715412C8900D0E250 /* NSString+Additions.m in Sources */ = {isa = PBXBuildFile; fileRef = 029B449515412C8900D0E250 /* NSString+Additions.m */; };
		029B44A815412C8900D0E250 /* NSString+Additions.m in Sources */ = {isa = PBXBuildFile; fileRef = 029B449515412C8900D0E250 /* NSString+Additions.m */; };
		029B44A915412C8900D0E250 /* UIColor+Additions.h in Headers */ = {isa = PBXBuildFile; fileRef = 029B449615412C8900D0E250 /* UIColor+Additions.h */; };
		029B44AA15412C8900D0E250 /* UIColor+Additions.m in Sources */ = {isa = PBXBuildFile; fileRef = 029B449715412C8900D0E250 /* UIColor+Additions.m */; };
		029B44AB15412C8900D0E250 /* UIColor+Additions.m in Sources */ = {isa = PBXBuildFile; fileRef = 029B449715412C8900D0E250 /* UIColor+Additions.m */; };
		029B44AC15412C8900D0E250 /* CoreGraphics+DDAdditions.h in Headers */ = {isa = PBXBuildFile; fileRef = 029B449815412C8900D0E250 /* CoreGraphics+DDAdditions.h */; };
		029B44AD15412C8900D0E250 /* CoreGraphics+TVAdditions.h in Headers */ = {isa = PBXBuildFile; fileRef = 029B449915412C8900D0E250 /* CoreGraphics+TVAdditions.h */; };
		029B44AE15412C8900D0E250 /* NSArray+Additions.h in Headers */ = {isa = PBXBuildFile; fileRef = 029B449A15412C8900D0E250 /* NSArray+Additions.h */; };
		029B44AF15412C8900D0E250 /* NSArray+Additions.m in Sources */ = {isa = PBXBuildFile; fileRef = 029B449B15412C8900D0E250 /* NSArray+Additions.m */; };
		029B44B015412C8900D0E250 /* NSArray+Additions.m in Sources */ = {isa = PBXBuildFile; fileRef = 029B449B15412C8900D0E250 /* NSArray+Additions.m */; };
		029B44B115412C8900D0E250 /* NSArray+Reverse.h in Headers */ = {isa = PBXBuildFile; fileRef = 029B449C15412C8900D0E250 /* NSArray+Reverse.h */; };
		029B44B215412C8900D0E250 /* NSArray+Reverse.m in Sources */ = {isa = PBXBuildFile; fileRef = 029B449D15412C8900D0E250 /* NSArray+Reverse.m */; };
		029B44B315412C8900D0E250 /* NSArray+Reverse.m in Sources */ = {isa = PBXBuildFile; fileRef = 029B449D15412C8900D0E250 /* NSArray+Reverse.m */; };
		029B44B415412C8900D0E250 /* NSDate+Additions.h in Headers */ = {isa = PBXBuildFile; fileRef = 029B449E15412C8900D0E250 /* NSDate+Additions.h */; };
		029B44B515412C8900D0E250 /* NSDate+Additions.m in Sources */ = {isa = PBXBuildFile; fileRef = 029B449F15412C8900D0E250 /* NSDate+Additions.m */; };
		029B44B615412C8900D0E250 /* NSDate+Additions.m in Sources */ = {isa = PBXBuildFile; fileRef = 029B449F15412C8900D0E250 /* NSDate+Additions.m */; };
		029B44B715412C8900D0E250 /* NSDate+Utilities.h in Headers */ = {isa = PBXBuildFile; fileRef = 029B44A015412C8900D0E250 /* NSDate+Utilities.h */; };
		029B44B815412C8900D0E250 /* NSDate+Utilities.m in Sources */ = {isa = PBXBuildFile; fileRef = 029B44A115412C8900D0E250 /* NSDate+Utilities.m */; };
		029B44B915412C8900D0E250 /* NSDate+Utilities.m in Sources */ = {isa = PBXBuildFile; fileRef = 029B44A115412C8900D0E250 /* NSDate+Utilities.m */; };
		029B44BA15412C8900D0E250 /* UIView+Additions.h in Headers */ = {isa = PBXBuildFile; fileRef = 029B44A215412C8900D0E250 /* UIView+Additions.h */; };
		029B44BB15412C8900D0E250 /* UIView+Additions.m in Sources */ = {isa = PBXBuildFile; fileRef = 029B44A315412C8900D0E250 /* UIView+Additions.m */; };
		029B44BC15412C8900D0E250 /* UIView+Additions.m in Sources */ = {isa = PBXBuildFile; fileRef = 029B44A315412C8900D0E250 /* UIView+Additions.m */; };
		029B44BD15412C8900D0E250 /* UIImage+Additions.h in Headers */ = {isa = PBXBuildFile; fileRef = 029B44A415412C8900D0E250 /* UIImage+Additions.h */; };
		029B44BE15412C8900D0E250 /* UIImage+Additions.m in Sources */ = {isa = PBXBuildFile; fileRef = 029B44A515412C8900D0E250 /* UIImage+Additions.m */; };
		029B44BF15412C8900D0E250 /* UIImage+Additions.m in Sources */ = {isa = PBXBuildFile; fileRef = 029B44A515412C8900D0E250 /* UIImage+Additions.m */; };
		029B44D315412C9600D0E250 /* ImageViewCenteredFit.h in Headers */ = {isa = PBXBuildFile; fileRef = 029B44C015412C9600D0E250 /* ImageViewCenteredFit.h */; };
		029B44D415412C9600D0E250 /* ImageViewCenteredFit.m in Sources */ = {isa = PBXBuildFile; fileRef = 029B44C115412C9600D0E250 /* ImageViewCenteredFit.m */; };
		029B44D515412C9600D0E250 /* ImageViewCenteredFit.m in Sources */ = {isa = PBXBuildFile; fileRef = 029B44C115412C9600D0E250 /* ImageViewCenteredFit.m */; };
		029B44D615412C9600D0E250 /* LoadingView.h in Headers */ = {isa = PBXBuildFile; fileRef = 029B44C215412C9600D0E250 /* LoadingView.h */; };
		029B44D715412C9600D0E250 /* LoadingView.m in Sources */ = {isa = PBXBuildFile; fileRef = 029B44C315412C9600D0E250 /* LoadingView.m */; };
		029B44D815412C9600D0E250 /* LoadingView.m in Sources */ = {isa = PBXBuildFile; fileRef = 029B44C315412C9600D0E250 /* LoadingView.m */; };
		029B44D915412C9600D0E250 /* LoadingView.xib in Resources */ = {isa = PBXBuildFile; fileRef = 029B44C415412C9600D0E250 /* LoadingView.xib */; };
		029B44DA15412C9600D0E250 /* RNTextView.h in Headers */ = {isa = PBXBuildFile; fileRef = 029B44C515412C9600D0E250 /* RNTextView.h */; };
		029B44DB15412C9600D0E250 /* RNTextView.m in Sources */ = {isa = PBXBuildFile; fileRef = 029B44C615412C9600D0E250 /* RNTextView.m */; };
		029B44DC15412C9600D0E250 /* RNTextView.m in Sources */ = {isa = PBXBuildFile; fileRef = 029B44C615412C9600D0E250 /* RNTextView.m */; };
		029B44DD15412C9600D0E250 /* GradientView.h in Headers */ = {isa = PBXBuildFile; fileRef = 029B44C715412C9600D0E250 /* GradientView.h */; };
		029B44DE15412C9600D0E250 /* GradientView.m in Sources */ = {isa = PBXBuildFile; fileRef = 029B44C815412C9600D0E250 /* GradientView.m */; };
		029B44DF15412C9600D0E250 /* GradientView.m in Sources */ = {isa = PBXBuildFile; fileRef = 029B44C815412C9600D0E250 /* GradientView.m */; };
		029B44E015412C9600D0E250 /* BorderView.h in Headers */ = {isa = PBXBuildFile; fileRef = 029B44C915412C9600D0E250 /* BorderView.h */; };
		029B44E115412C9600D0E250 /* BorderView.m in Sources */ = {isa = PBXBuildFile; fileRef = 029B44CA15412C9600D0E250 /* BorderView.m */; };
		029B44E215412C9600D0E250 /* BorderView.m in Sources */ = {isa = PBXBuildFile; fileRef = 029B44CA15412C9600D0E250 /* BorderView.m */; };
		029B44E315412C9600D0E250 /* YoutubeView.h in Headers */ = {isa = PBXBuildFile; fileRef = 029B44CB15412C9600D0E250 /* YoutubeView.h */; };
		029B44E415412C9600D0E250 /* YoutubeView.m in Sources */ = {isa = PBXBuildFile; fileRef = 029B44CC15412C9600D0E250 /* YoutubeView.m */; };
		029B44E515412C9600D0E250 /* YoutubeView.m in Sources */ = {isa = PBXBuildFile; fileRef = 029B44CC15412C9600D0E250 /* YoutubeView.m */; };
		029B44E615412C9600D0E250 /* HorizontalTableView.h in Headers */ = {isa = PBXBuildFile; fileRef = 029B44CD15412C9600D0E250 /* HorizontalTableView.h */; };
		029B44E715412C9600D0E250 /* HorizontalTableView.m in Sources */ = {isa = PBXBuildFile; fileRef = 029B44CE15412C9600D0E250 /* HorizontalTableView.m */; };
		029B44E815412C9600D0E250 /* HorizontalTableView.m in Sources */ = {isa = PBXBuildFile; fileRef = 029B44CE15412C9600D0E250 /* HorizontalTableView.m */; };
		029B44E915412C9600D0E250 /* ImageSpinnerView.h in Headers */ = {isa = PBXBuildFile; fileRef = 029B44CF15412C9600D0E250 /* ImageSpinnerView.h */; };
		029B44EA15412C9600D0E250 /* ImageSpinnerView.m in Sources */ = {isa = PBXBuildFile; fileRef = 029B44D015412C9600D0E250 /* ImageSpinnerView.m */; };
		029B44EB15412C9600D0E250 /* ImageSpinnerView.m in Sources */ = {isa = PBXBuildFile; fileRef = 029B44D015412C9600D0E250 /* ImageSpinnerView.m */; };
		029B44EC15412C9600D0E250 /* TextFieldWithInset.h in Headers */ = {isa = PBXBuildFile; fileRef = 029B44D115412C9600D0E250 /* TextFieldWithInset.h */; };
		029B44ED15412C9600D0E250 /* TextFieldWithInset.m in Sources */ = {isa = PBXBuildFile; fileRef = 029B44D215412C9600D0E250 /* TextFieldWithInset.m */; };
		029B44EE15412C9600D0E250 /* TextFieldWithInset.m in Sources */ = {isa = PBXBuildFile; fileRef = 029B44D215412C9600D0E250 /* TextFieldWithInset.m */; };
		029B44F115412CA000D0E250 /* NSTimer+Block.h in Headers */ = {isa = PBXBuildFile; fileRef = 029B44EF15412CA000D0E250 /* NSTimer+Block.h */; };
		029B44F215412CA000D0E250 /* NSTimer+Block.m in Sources */ = {isa = PBXBuildFile; fileRef = 029B44F015412CA000D0E250 /* NSTimer+Block.m */; };
		029B44F315412CA000D0E250 /* NSTimer+Block.m in Sources */ = {isa = PBXBuildFile; fileRef = 029B44F015412CA000D0E250 /* NSTimer+Block.m */; };
		029B44F615412CB700D0E250 /* UIAlertView+Block.h in Headers */ = {isa = PBXBuildFile; fileRef = 029B44F415412CB700D0E250 /* UIAlertView+Block.h */; };
		029B44F715412CB700D0E250 /* UIAlertView+Block.m in Sources */ = {isa = PBXBuildFile; fileRef = 029B44F515412CB700D0E250 /* UIAlertView+Block.m */; };
		029B44F815412CB700D0E250 /* UIAlertView+Block.m in Sources */ = {isa = PBXBuildFile; fileRef = 029B44F515412CB700D0E250 /* UIAlertView+Block.m */; };
		02E07139154094FE00BF4BCE /* Foundation.framework in Frameworks */ = {isa = PBXBuildFile; fileRef = 02E07138154094FE00BF4BCE /* Foundation.framework */; };
		02E07147154094FE00BF4BCE /* SenTestingKit.framework in Frameworks */ = {isa = PBXBuildFile; fileRef = 02E07146154094FE00BF4BCE /* SenTestingKit.framework */; };
		02E07149154094FE00BF4BCE /* UIKit.framework in Frameworks */ = {isa = PBXBuildFile; fileRef = 02E07148154094FE00BF4BCE /* UIKit.framework */; };
		02E0714A154094FE00BF4BCE /* Foundation.framework in Frameworks */ = {isa = PBXBuildFile; fileRef = 02E07138154094FE00BF4BCE /* Foundation.framework */; };
		02E0714D154094FE00BF4BCE /* libRFLibraries.a in Frameworks */ = {isa = PBXBuildFile; fileRef = 02E07135154094FE00BF4BCE /* libRFLibraries.a */; };
		02E07153154094FE00BF4BCE /* InfoPlist.strings in Resources */ = {isa = PBXBuildFile; fileRef = 02E07151154094FE00BF4BCE /* InfoPlist.strings */; };
		02E07156154094FE00BF4BCE /* RFLibrariesTests.m in Sources */ = {isa = PBXBuildFile; fileRef = 02E07155154094FE00BF4BCE /* RFLibrariesTests.m */; };
/* End PBXBuildFile section */

/* Begin PBXContainerItemProxy section */
		02E0714B154094FE00BF4BCE /* PBXContainerItemProxy */ = {
			isa = PBXContainerItemProxy;
			containerPortal = 02E0712C154094FE00BF4BCE /* Project object */;
			proxyType = 1;
			remoteGlobalIDString = 02E07134154094FE00BF4BCE;
			remoteInfo = RFLibraries;
		};
/* End PBXContainerItemProxy section */

/* Begin PBXFileReference section */
		029B447215412BD500D0E250 /* RFLibraries-Prefix.pch */ = {isa = PBXFileReference; fileEncoding = 4; lastKnownFileType = sourcecode.c.h; name = "RFLibraries-Prefix.pch"; path = "RFLibrary/RFLibraries-Prefix.pch"; sourceTree = SOURCE_ROOT; };
		029B448815412C7100D0E250 /* RFMacros.h */ = {isa = PBXFileReference; fileEncoding = 4; lastKnownFileType = sourcecode.c.h; path = RFMacros.h; sourceTree = SOURCE_ROOT; };
		029B448915412C7100D0E250 /* ISO8601DateFormatter.h */ = {isa = PBXFileReference; fileEncoding = 4; lastKnownFileType = sourcecode.c.h; path = ISO8601DateFormatter.h; sourceTree = SOURCE_ROOT; };
		029B448A15412C7100D0E250 /* ISO8601DateFormatter.m */ = {isa = PBXFileReference; fileEncoding = 4; lastKnownFileType = sourcecode.c.objc; path = ISO8601DateFormatter.m; sourceTree = SOURCE_ROOT; };
		029B448B15412C7100D0E250 /* WebSnapsticle.h */ = {isa = PBXFileReference; fileEncoding = 4; lastKnownFileType = sourcecode.c.h; path = WebSnapsticle.h; sourceTree = SOURCE_ROOT; };
		029B448C15412C7100D0E250 /* WebSnapsticle.m */ = {isa = PBXFileReference; fileEncoding = 4; lastKnownFileType = sourcecode.c.objc; path = WebSnapsticle.m; sourceTree = SOURCE_ROOT; };
		029B449415412C8900D0E250 /* NSString+Additions.h */ = {isa = PBXFileReference; fileEncoding = 4; lastKnownFileType = sourcecode.c.h; path = "NSString+Additions.h"; sourceTree = SOURCE_ROOT; };
		029B449515412C8900D0E250 /* NSString+Additions.m */ = {isa = PBXFileReference; fileEncoding = 4; lastKnownFileType = sourcecode.c.objc; path = "NSString+Additions.m"; sourceTree = SOURCE_ROOT; };
		029B449615412C8900D0E250 /* UIColor+Additions.h */ = {isa = PBXFileReference; fileEncoding = 4; lastKnownFileType = sourcecode.c.h; path = "UIColor+Additions.h"; sourceTree = SOURCE_ROOT; };
		029B449715412C8900D0E250 /* UIColor+Additions.m */ = {isa = PBXFileReference; fileEncoding = 4; lastKnownFileType = sourcecode.c.objc; path = "UIColor+Additions.m"; sourceTree = SOURCE_ROOT; };
		029B449815412C8900D0E250 /* CoreGraphics+DDAdditions.h */ = {isa = PBXFileReference; fileEncoding = 4; lastKnownFileType = sourcecode.c.h; path = "CoreGraphics+DDAdditions.h"; sourceTree = SOURCE_ROOT; };
		029B449915412C8900D0E250 /* CoreGraphics+TVAdditions.h */ = {isa = PBXFileReference; fileEncoding = 4; lastKnownFileType = sourcecode.c.h; path = "CoreGraphics+TVAdditions.h"; sourceTree = SOURCE_ROOT; };
		029B449A15412C8900D0E250 /* NSArray+Additions.h */ = {isa = PBXFileReference; fileEncoding = 4; lastKnownFileType = sourcecode.c.h; path = "NSArray+Additions.h"; sourceTree = SOURCE_ROOT; };
		029B449B15412C8900D0E250 /* NSArray+Additions.m */ = {isa = PBXFileReference; fileEncoding = 4; lastKnownFileType = sourcecode.c.objc; path = "NSArray+Additions.m"; sourceTree = SOURCE_ROOT; };
		029B449C15412C8900D0E250 /* NSArray+Reverse.h */ = {isa = PBXFileReference; fileEncoding = 4; lastKnownFileType = sourcecode.c.h; path = "NSArray+Reverse.h"; sourceTree = SOURCE_ROOT; };
		029B449D15412C8900D0E250 /* NSArray+Reverse.m */ = {isa = PBXFileReference; fileEncoding = 4; lastKnownFileType = sourcecode.c.objc; path = "NSArray+Reverse.m"; sourceTree = SOURCE_ROOT; };
		029B449E15412C8900D0E250 /* NSDate+Additions.h */ = {isa = PBXFileReference; fileEncoding = 4; lastKnownFileType = sourcecode.c.h; path = "NSDate+Additions.h"; sourceTree = SOURCE_ROOT; };
		029B449F15412C8900D0E250 /* NSDate+Additions.m */ = {isa = PBXFileReference; fileEncoding = 4; lastKnownFileType = sourcecode.c.objc; path = "NSDate+Additions.m"; sourceTree = SOURCE_ROOT; };
		029B44A015412C8900D0E250 /* NSDate+Utilities.h */ = {isa = PBXFileReference; fileEncoding = 4; lastKnownFileType = sourcecode.c.h; path = "NSDate+Utilities.h"; sourceTree = SOURCE_ROOT; };
		029B44A115412C8900D0E250 /* NSDate+Utilities.m */ = {isa = PBXFileReference; fileEncoding = 4; lastKnownFileType = sourcecode.c.objc; path = "NSDate+Utilities.m"; sourceTree = SOURCE_ROOT; };
		029B44A215412C8900D0E250 /* UIView+Additions.h */ = {isa = PBXFileReference; fileEncoding = 4; lastKnownFileType = sourcecode.c.h; path = "UIView+Additions.h"; sourceTree = SOURCE_ROOT; };
		029B44A315412C8900D0E250 /* UIView+Additions.m */ = {isa = PBXFileReference; fileEncoding = 4; lastKnownFileType = sourcecode.c.objc; path = "UIView+Additions.m"; sourceTree = SOURCE_ROOT; };
		029B44A415412C8900D0E250 /* UIImage+Additions.h */ = {isa = PBXFileReference; fileEncoding = 4; lastKnownFileType = sourcecode.c.h; path = "UIImage+Additions.h"; sourceTree = SOURCE_ROOT; };
		029B44A515412C8900D0E250 /* UIImage+Additions.m */ = {isa = PBXFileReference; fileEncoding = 4; lastKnownFileType = sourcecode.c.objc; path = "UIImage+Additions.m"; sourceTree = SOURCE_ROOT; };
		029B44C015412C9600D0E250 /* ImageViewCenteredFit.h */ = {isa = PBXFileReference; fileEncoding = 4; lastKnownFileType = sourcecode.c.h; path = ImageViewCenteredFit.h; sourceTree = SOURCE_ROOT; };
		029B44C115412C9600D0E250 /* ImageViewCenteredFit.m */ = {isa = PBXFileReference; fileEncoding = 4; lastKnownFileType = sourcecode.c.objc; path = ImageViewCenteredFit.m; sourceTree = SOURCE_ROOT; };
		029B44C215412C9600D0E250 /* LoadingView.h */ = {isa = PBXFileReference; fileEncoding = 4; lastKnownFileType = sourcecode.c.h; path = LoadingView.h; sourceTree = SOURCE_ROOT; };
		029B44C315412C9600D0E250 /* LoadingView.m */ = {isa = PBXFileReference; fileEncoding = 4; lastKnownFileType = sourcecode.c.objc; path = LoadingView.m; sourceTree = SOURCE_ROOT; };
		029B44C415412C9600D0E250 /* LoadingView.xib */ = {isa = PBXFileReference; fileEncoding = 4; lastKnownFileType = file.xib; path = LoadingView.xib; sourceTree = SOURCE_ROOT; };
		029B44C515412C9600D0E250 /* RNTextView.h */ = {isa = PBXFileReference; fileEncoding = 4; lastKnownFileType = sourcecode.c.h; path = RNTextView.h; sourceTree = SOURCE_ROOT; };
		029B44C615412C9600D0E250 /* RNTextView.m */ = {isa = PBXFileReference; fileEncoding = 4; lastKnownFileType = sourcecode.c.objc; path = RNTextView.m; sourceTree = SOURCE_ROOT; };
		029B44C715412C9600D0E250 /* GradientView.h */ = {isa = PBXFileReference; fileEncoding = 4; lastKnownFileType = sourcecode.c.h; path = GradientView.h; sourceTree = SOURCE_ROOT; };
		029B44C815412C9600D0E250 /* GradientView.m */ = {isa = PBXFileReference; fileEncoding = 4; lastKnownFileType = sourcecode.c.objc; path = GradientView.m; sourceTree = SOURCE_ROOT; };
		029B44C915412C9600D0E250 /* BorderView.h */ = {isa = PBXFileReference; fileEncoding = 4; lastKnownFileType = sourcecode.c.h; path = BorderView.h; sourceTree = SOURCE_ROOT; };
		029B44CA15412C9600D0E250 /* BorderView.m */ = {isa = PBXFileReference; fileEncoding = 4; lastKnownFileType = sourcecode.c.objc; path = BorderView.m; sourceTree = SOURCE_ROOT; };
		029B44CB15412C9600D0E250 /* YoutubeView.h */ = {isa = PBXFileReference; fileEncoding = 4; lastKnownFileType = sourcecode.c.h; path = YoutubeView.h; sourceTree = SOURCE_ROOT; };
		029B44CC15412C9600D0E250 /* YoutubeView.m */ = {isa = PBXFileReference; fileEncoding = 4; lastKnownFileType = sourcecode.c.objc; path = YoutubeView.m; sourceTree = SOURCE_ROOT; };
		029B44CD15412C9600D0E250 /* HorizontalTableView.h */ = {isa = PBXFileReference; fileEncoding = 4; lastKnownFileType = sourcecode.c.h; path = HorizontalTableView.h; sourceTree = SOURCE_ROOT; };
		029B44CE15412C9600D0E250 /* HorizontalTableView.m */ = {isa = PBXFileReference; fileEncoding = 4; lastKnownFileType = sourcecode.c.objc; path = HorizontalTableView.m; sourceTree = SOURCE_ROOT; };
		029B44CF15412C9600D0E250 /* ImageSpinnerView.h */ = {isa = PBXFileReference; fileEncoding = 4; lastKnownFileType = sourcecode.c.h; path = ImageSpinnerView.h; sourceTree = SOURCE_ROOT; };
		029B44D015412C9600D0E250 /* ImageSpinnerView.m */ = {isa = PBXFileReference; fileEncoding = 4; lastKnownFileType = sourcecode.c.objc; path = ImageSpinnerView.m; sourceTree = SOURCE_ROOT; };
		029B44D115412C9600D0E250 /* TextFieldWithInset.h */ = {isa = PBXFileReference; fileEncoding = 4; lastKnownFileType = sourcecode.c.h; path = TextFieldWithInset.h; sourceTree = SOURCE_ROOT; };
		029B44D215412C9600D0E250 /* TextFieldWithInset.m */ = {isa = PBXFileReference; fileEncoding = 4; lastKnownFileType = sourcecode.c.objc; path = TextFieldWithInset.m; sourceTree = SOURCE_ROOT; };
		029B44EF15412CA000D0E250 /* NSTimer+Block.h */ = {isa = PBXFileReference; fileEncoding = 4; lastKnownFileType = sourcecode.c.h; path = "NSTimer+Block.h"; sourceTree = SOURCE_ROOT; };
		029B44F015412CA000D0E250 /* NSTimer+Block.m */ = {isa = PBXFileReference; fileEncoding = 4; lastKnownFileType = sourcecode.c.objc; path = "NSTimer+Block.m"; sourceTree = SOURCE_ROOT; };
		029B44F415412CB700D0E250 /* UIAlertView+Block.h */ = {isa = PBXFileReference; fileEncoding = 4; lastKnownFileType = sourcecode.c.h; path = "UIAlertView+Block.h"; sourceTree = SOURCE_ROOT; };
		029B44F515412CB700D0E250 /* UIAlertView+Block.m */ = {isa = PBXFileReference; fileEncoding = 4; lastKnownFileType = sourcecode.c.objc; path = "UIAlertView+Block.m"; sourceTree = SOURCE_ROOT; };
		02E07135154094FE00BF4BCE /* libRFLibraries.a */ = {isa = PBXFileReference; explicitFileType = archive.ar; includeInIndex = 0; path = libRFLibraries.a; sourceTree = BUILT_PRODUCTS_DIR; };
		02E07138154094FE00BF4BCE /* Foundation.framework */ = {isa = PBXFileReference; lastKnownFileType = wrapper.framework; name = Foundation.framework; path = System/Library/Frameworks/Foundation.framework; sourceTree = SDKROOT; };
		02E07145154094FE00BF4BCE /* RFLibrariesTests.octest */ = {isa = PBXFileReference; explicitFileType = wrapper.cfbundle; includeInIndex = 0; path = RFLibrariesTests.octest; sourceTree = BUILT_PRODUCTS_DIR; };
		02E07146154094FE00BF4BCE /* SenTestingKit.framework */ = {isa = PBXFileReference; lastKnownFileType = wrapper.framework; name = SenTestingKit.framework; path = Library/Frameworks/SenTestingKit.framework; sourceTree = DEVELOPER_DIR; };
		02E07148154094FE00BF4BCE /* UIKit.framework */ = {isa = PBXFileReference; lastKnownFileType = wrapper.framework; name = UIKit.framework; path = Library/Frameworks/UIKit.framework; sourceTree = DEVELOPER_DIR; };
		02E07150154094FE00BF4BCE /* RFLibrariesTests-Info.plist */ = {isa = PBXFileReference; lastKnownFileType = text.plist.xml; path = "RFLibrariesTests-Info.plist"; sourceTree = "<group>"; };
		02E07152154094FE00BF4BCE /* en */ = {isa = PBXFileReference; lastKnownFileType = text.plist.strings; name = en; path = en.lproj/InfoPlist.strings; sourceTree = "<group>"; };
		02E07154154094FE00BF4BCE /* RFLibrariesTests.h */ = {isa = PBXFileReference; lastKnownFileType = sourcecode.c.h; path = RFLibrariesTests.h; sourceTree = "<group>"; };
		02E07155154094FE00BF4BCE /* RFLibrariesTests.m */ = {isa = PBXFileReference; lastKnownFileType = sourcecode.c.objc; path = RFLibrariesTests.m; sourceTree = "<group>"; };
/* End PBXFileReference section */

/* Begin PBXFrameworksBuildPhase section */
		02E07132154094FE00BF4BCE /* Frameworks */ = {
			isa = PBXFrameworksBuildPhase;
			buildActionMask = 2147483647;
			files = (
				02E07139154094FE00BF4BCE /* Foundation.framework in Frameworks */,
			);
			runOnlyForDeploymentPostprocessing = 0;
		};
		02E07141154094FE00BF4BCE /* Frameworks */ = {
			isa = PBXFrameworksBuildPhase;
			buildActionMask = 2147483647;
			files = (
				02E07147154094FE00BF4BCE /* SenTestingKit.framework in Frameworks */,
				02E07149154094FE00BF4BCE /* UIKit.framework in Frameworks */,
				02E0714A154094FE00BF4BCE /* Foundation.framework in Frameworks */,
				02E0714D154094FE00BF4BCE /* libRFLibraries.a in Frameworks */,
			);
			runOnlyForDeploymentPostprocessing = 0;
		};
/* End PBXFrameworksBuildPhase section */

/* Begin PBXGroup section */
		02E0712A154094FE00BF4BCE = {
			isa = PBXGroup;
			children = (
				02E0713A154094FE00BF4BCE /* RFLibraries */,
				02E0714E154094FE00BF4BCE /* RFLibrariesTests */,
				02E07137154094FE00BF4BCE /* Frameworks */,
				02E07136154094FE00BF4BCE /* Products */,
			);
			sourceTree = "<group>";
		};
		02E07136154094FE00BF4BCE /* Products */ = {
			isa = PBXGroup;
			children = (
				02E07135154094FE00BF4BCE /* libRFLibraries.a */,
				02E07145154094FE00BF4BCE /* RFLibrariesTests.octest */,
			);
			name = Products;
			sourceTree = "<group>";
		};
		02E07137154094FE00BF4BCE /* Frameworks */ = {
			isa = PBXGroup;
			children = (
				02E07138154094FE00BF4BCE /* Foundation.framework */,
				02E07146154094FE00BF4BCE /* SenTestingKit.framework */,
				02E07148154094FE00BF4BCE /* UIKit.framework */,
			);
			name = Frameworks;
			sourceTree = "<group>";
		};
		02E0713A154094FE00BF4BCE /* RFLibraries */ = {
			isa = PBXGroup;
			children = (
				02E071681540955B00BF4BCE /* Views */,
				02E071671540955100BF4BCE /* Categories */,
				02E071661540954700BF4BCE /* Misc */,
				02E0713B154094FE00BF4BCE /* Supporting Files */,
			);
			path = RFLibraries;
			sourceTree = "<group>";
		};
		02E0713B154094FE00BF4BCE /* Supporting Files */ = {
			isa = PBXGroup;
			children = (
				029B447215412BD500D0E250 /* RFLibraries-Prefix.pch */,
			);
			name = "Supporting Files";
			sourceTree = "<group>";
		};
		02E0714E154094FE00BF4BCE /* RFLibrariesTests */ = {
			isa = PBXGroup;
			children = (
				02E07154154094FE00BF4BCE /* RFLibrariesTests.h */,
				02E07155154094FE00BF4BCE /* RFLibrariesTests.m */,
				02E0714F154094FE00BF4BCE /* Supporting Files */,
			);
			path = RFLibrariesTests;
			sourceTree = "<group>";
		};
		02E0714F154094FE00BF4BCE /* Supporting Files */ = {
			isa = PBXGroup;
			children = (
				02E07150154094FE00BF4BCE /* RFLibrariesTests-Info.plist */,
				02E07151154094FE00BF4BCE /* InfoPlist.strings */,
			);
			name = "Supporting Files";
			sourceTree = "<group>";
		};
		02E071661540954700BF4BCE /* Misc */ = {
			isa = PBXGroup;
			children = (
				029B448815412C7100D0E250 /* RFMacros.h */,
				029B448915412C7100D0E250 /* ISO8601DateFormatter.h */,
				029B448A15412C7100D0E250 /* ISO8601DateFormatter.m */,
				029B448B15412C7100D0E250 /* WebSnapsticle.h */,
				029B448C15412C7100D0E250 /* WebSnapsticle.m */,
			);
			name = Misc;
			sourceTree = "<group>";
		};
		02E071671540955100BF4BCE /* Categories */ = {
			isa = PBXGroup;
			children = (
				029B44F415412CB700D0E250 /* UIAlertView+Block.h */,
				029B44F515412CB700D0E250 /* UIAlertView+Block.m */,
				029B44EF15412CA000D0E250 /* NSTimer+Block.h */,
				029B44F015412CA000D0E250 /* NSTimer+Block.m */,
				029B449415412C8900D0E250 /* NSString+Additions.h */,
				029B449515412C8900D0E250 /* NSString+Additions.m */,
				029B449615412C8900D0E250 /* UIColor+Additions.h */,
				029B449715412C8900D0E250 /* UIColor+Additions.m */,
				029B449815412C8900D0E250 /* CoreGraphics+DDAdditions.h */,
				029B449915412C8900D0E250 /* CoreGraphics+TVAdditions.h */,
				029B449A15412C8900D0E250 /* NSArray+Additions.h */,
				029B449B15412C8900D0E250 /* NSArray+Additions.m */,
				029B449C15412C8900D0E250 /* NSArray+Reverse.h */,
				029B449D15412C8900D0E250 /* NSArray+Reverse.m */,
				029B449E15412C8900D0E250 /* NSDate+Additions.h */,
				029B449F15412C8900D0E250 /* NSDate+Additions.m */,
				029B44A015412C8900D0E250 /* NSDate+Utilities.h */,
				029B44A115412C8900D0E250 /* NSDate+Utilities.m */,
				029B44A215412C8900D0E250 /* UIView+Additions.h */,
				029B44A315412C8900D0E250 /* UIView+Additions.m */,
				029B44A415412C8900D0E250 /* UIImage+Additions.h */,
				029B44A515412C8900D0E250 /* UIImage+Additions.m */,
			);
			name = Categories;
			sourceTree = "<group>";
		};
		02E071681540955B00BF4BCE /* Views */ = {
			isa = PBXGroup;
			children = (
				029B44C015412C9600D0E250 /* ImageViewCenteredFit.h */,
				029B44C115412C9600D0E250 /* ImageViewCenteredFit.m */,
				029B44C215412C9600D0E250 /* LoadingView.h */,
				029B44C315412C9600D0E250 /* LoadingView.m */,
				029B44C415412C9600D0E250 /* LoadingView.xib */,
				029B44C515412C9600D0E250 /* RNTextView.h */,
				029B44C615412C9600D0E250 /* RNTextView.m */,
				029B44C715412C9600D0E250 /* GradientView.h */,
				029B44C815412C9600D0E250 /* GradientView.m */,
				029B44C915412C9600D0E250 /* BorderView.h */,
				029B44CA15412C9600D0E250 /* BorderView.m */,
				029B44CB15412C9600D0E250 /* YoutubeView.h */,
				029B44CC15412C9600D0E250 /* YoutubeView.m */,
				029B44CD15412C9600D0E250 /* HorizontalTableView.h */,
				029B44CE15412C9600D0E250 /* HorizontalTableView.m */,
				029B44CF15412C9600D0E250 /* ImageSpinnerView.h */,
				029B44D015412C9600D0E250 /* ImageSpinnerView.m */,
				029B44D115412C9600D0E250 /* TextFieldWithInset.h */,
				029B44D215412C9600D0E250 /* TextFieldWithInset.m */,
			);
			name = Views;
			sourceTree = "<group>";
		};
/* End PBXGroup section */

/* Begin PBXHeadersBuildPhase section */
		02E07133154094FE00BF4BCE /* Headers */ = {
			isa = PBXHeadersBuildPhase;
			buildActionMask = 2147483647;
			files = (
				029B447315412BD500D0E250 /* RFLibraries-Prefix.pch in Headers */,
				029B448D15412C7100D0E250 /* RFMacros.h in Headers */,
				029B448E15412C7100D0E250 /* ISO8601DateFormatter.h in Headers */,
				029B449115412C7100D0E250 /* WebSnapsticle.h in Headers */,
				029B44A615412C8900D0E250 /* NSString+Additions.h in Headers */,
				029B44A915412C8900D0E250 /* UIColor+Additions.h in Headers */,
				029B44AC15412C8900D0E250 /* CoreGraphics+DDAdditions.h in Headers */,
				029B44AD15412C8900D0E250 /* CoreGraphics+TVAdditions.h in Headers */,
				029B44AE15412C8900D0E250 /* NSArray+Additions.h in Headers */,
				029B44B115412C8900D0E250 /* NSArray+Reverse.h in Headers */,
				029B44B415412C8900D0E250 /* NSDate+Additions.h in Headers */,
				029B44B715412C8900D0E250 /* NSDate+Utilities.h in Headers */,
				029B44BA15412C8900D0E250 /* UIView+Additions.h in Headers */,
				029B44BD15412C8900D0E250 /* UIImage+Additions.h in Headers */,
				029B44D315412C9600D0E250 /* ImageViewCenteredFit.h in Headers */,
				029B44D615412C9600D0E250 /* LoadingView.h in Headers */,
				029B44DA15412C9600D0E250 /* RNTextView.h in Headers */,
				029B44DD15412C9600D0E250 /* GradientView.h in Headers */,
				029B44E015412C9600D0E250 /* BorderView.h in Headers */,
				029B44E315412C9600D0E250 /* YoutubeView.h in Headers */,
				029B44E615412C9600D0E250 /* HorizontalTableView.h in Headers */,
				029B44E915412C9600D0E250 /* ImageSpinnerView.h in Headers */,
				029B44EC15412C9600D0E250 /* TextFieldWithInset.h in Headers */,
				029B44F115412CA000D0E250 /* NSTimer+Block.h in Headers */,
				029B44F615412CB700D0E250 /* UIAlertView+Block.h in Headers */,
			);
			runOnlyForDeploymentPostprocessing = 0;
		};
/* End PBXHeadersBuildPhase section */

/* Begin PBXNativeTarget section */
		02E07134154094FE00BF4BCE /* RFLibraries */ = {
			isa = PBXNativeTarget;
			buildConfigurationList = 02E07159154094FE00BF4BCE /* Build configuration list for PBXNativeTarget "RFLibraries" */;
			buildPhases = (
				02E07131154094FE00BF4BCE /* Sources */,
				02E07132154094FE00BF4BCE /* Frameworks */,
				02E07133154094FE00BF4BCE /* Headers */,
			);
			buildRules = (
			);
			dependencies = (
			);
			name = RFLibraries;
			productName = RFLibraries;
			productReference = 02E07135154094FE00BF4BCE /* libRFLibraries.a */;
			productType = "com.apple.product-type.library.static";
		};
		02E07144154094FE00BF4BCE /* RFLibrariesTests */ = {
			isa = PBXNativeTarget;
			buildConfigurationList = 02E0715C154094FE00BF4BCE /* Build configuration list for PBXNativeTarget "RFLibrariesTests" */;
			buildPhases = (
				02E07140154094FE00BF4BCE /* Sources */,
				02E07141154094FE00BF4BCE /* Frameworks */,
				02E07142154094FE00BF4BCE /* Resources */,
				02E07143154094FE00BF4BCE /* ShellScript */,
			);
			buildRules = (
			);
			dependencies = (
				02E0714C154094FE00BF4BCE /* PBXTargetDependency */,
			);
			name = RFLibrariesTests;
			productName = RFLibrariesTests;
			productReference = 02E07145154094FE00BF4BCE /* RFLibrariesTests.octest */;
			productType = "com.apple.product-type.bundle";
		};
/* End PBXNativeTarget section */

/* Begin PBXProject section */
		02E0712C154094FE00BF4BCE /* Project object */ = {
			isa = PBXProject;
			attributes = {
				LastUpgradeCheck = 0430;
				ORGANIZATIONNAME = Itv;
			};
			buildConfigurationList = 02E0712F154094FE00BF4BCE /* Build configuration list for PBXProject "RFLibraries" */;
			compatibilityVersion = "Xcode 3.2";
			developmentRegion = English;
			hasScannedForEncodings = 0;
			knownRegions = (
				en,
			);
			mainGroup = 02E0712A154094FE00BF4BCE;
			productRefGroup = 02E07136154094FE00BF4BCE /* Products */;
			projectDirPath = "";
			projectRoot = "";
			targets = (
				02E07134154094FE00BF4BCE /* RFLibraries */,
				02E07144154094FE00BF4BCE /* RFLibrariesTests */,
			);
		};
/* End PBXProject section */

/* Begin PBXResourcesBuildPhase section */
		02E07142154094FE00BF4BCE /* Resources */ = {
			isa = PBXResourcesBuildPhase;
			buildActionMask = 2147483647;
			files = (
				02E07153154094FE00BF4BCE /* InfoPlist.strings in Resources */,
				029B44D915412C9600D0E250 /* LoadingView.xib in Resources */,
			);
			runOnlyForDeploymentPostprocessing = 0;
		};
/* End PBXResourcesBuildPhase section */

/* Begin PBXShellScriptBuildPhase section */
		02E07143154094FE00BF4BCE /* ShellScript */ = {
			isa = PBXShellScriptBuildPhase;
			buildActionMask = 2147483647;
			files = (
			);
			inputPaths = (
			);
			outputPaths = (
			);
			runOnlyForDeploymentPostprocessing = 0;
			shellPath = /bin/sh;
			shellScript = "# Run the unit tests in this test bundle.\n\"${SYSTEM_DEVELOPER_DIR}/Tools/RunUnitTests\"\n";
		};
/* End PBXShellScriptBuildPhase section */

/* Begin PBXSourcesBuildPhase section */
		02E07131154094FE00BF4BCE /* Sources */ = {
			isa = PBXSourcesBuildPhase;
			buildActionMask = 2147483647;
			files = (
				029B448F15412C7100D0E250 /* ISO8601DateFormatter.m in Sources */,
				029B449215412C7100D0E250 /* WebSnapsticle.m in Sources */,
				029B44A715412C8900D0E250 /* NSString+Additions.m in Sources */,
				029B44AA15412C8900D0E250 /* UIColor+Additions.m in Sources */,
				029B44AF15412C8900D0E250 /* NSArray+Additions.m in Sources */,
				029B44B215412C8900D0E250 /* NSArray+Reverse.m in Sources */,
				029B44B515412C8900D0E250 /* NSDate+Additions.m in Sources */,
				029B44B815412C8900D0E250 /* NSDate+Utilities.m in Sources */,
				029B44BB15412C8900D0E250 /* UIView+Additions.m in Sources */,
				029B44BE15412C8900D0E250 /* UIImage+Additions.m in Sources */,
				029B44D415412C9600D0E250 /* ImageViewCenteredFit.m in Sources */,
				029B44D715412C9600D0E250 /* LoadingView.m in Sources */,
				029B44DB15412C9600D0E250 /* RNTextView.m in Sources */,
				029B44DE15412C9600D0E250 /* GradientView.m in Sources */,
				029B44E115412C9600D0E250 /* BorderView.m in Sources */,
				029B44E415412C9600D0E250 /* YoutubeView.m in Sources */,
				029B44E715412C9600D0E250 /* HorizontalTableView.m in Sources */,
				029B44EA15412C9600D0E250 /* ImageSpinnerView.m in Sources */,
				029B44ED15412C9600D0E250 /* TextFieldWithInset.m in Sources */,
				029B44F215412CA000D0E250 /* NSTimer+Block.m in Sources */,
				029B44F715412CB700D0E250 /* UIAlertView+Block.m in Sources */,
			);
			runOnlyForDeploymentPostprocessing = 0;
		};
		02E07140154094FE00BF4BCE /* Sources */ = {
			isa = PBXSourcesBuildPhase;
			buildActionMask = 2147483647;
			files = (
				02E07156154094FE00BF4BCE /* RFLibrariesTests.m in Sources */,
				029B449015412C7100D0E250 /* ISO8601DateFormatter.m in Sources */,
				029B449315412C7100D0E250 /* WebSnapsticle.m in Sources */,
				029B44A815412C8900D0E250 /* NSString+Additions.m in Sources */,
				029B44AB15412C8900D0E250 /* UIColor+Additions.m in Sources */,
				029B44B015412C8900D0E250 /* NSArray+Additions.m in Sources */,
				029B44B315412C8900D0E250 /* NSArray+Reverse.m in Sources */,
				029B44B615412C8900D0E250 /* NSDate+Additions.m in Sources */,
				029B44B915412C8900D0E250 /* NSDate+Utilities.m in Sources */,
				029B44BC15412C8900D0E250 /* UIView+Additions.m in Sources */,
				029B44BF15412C8900D0E250 /* UIImage+Additions.m in Sources */,
				029B44D515412C9600D0E250 /* ImageViewCenteredFit.m in Sources */,
				029B44D815412C9600D0E250 /* LoadingView.m in Sources */,
				029B44DC15412C9600D0E250 /* RNTextView.m in Sources */,
				029B44DF15412C9600D0E250 /* GradientView.m in Sources */,
				029B44E215412C9600D0E250 /* BorderView.m in Sources */,
				029B44E515412C9600D0E250 /* YoutubeView.m in Sources */,
				029B44E815412C9600D0E250 /* HorizontalTableView.m in Sources */,
				029B44EB15412C9600D0E250 /* ImageSpinnerView.m in Sources */,
				029B44EE15412C9600D0E250 /* TextFieldWithInset.m in Sources */,
				029B44F315412CA000D0E250 /* NSTimer+Block.m in Sources */,
				029B44F815412CB700D0E250 /* UIAlertView+Block.m in Sources */,
			);
			runOnlyForDeploymentPostprocessing = 0;
		};
/* End PBXSourcesBuildPhase section */

/* Begin PBXTargetDependency section */
		02E0714C154094FE00BF4BCE /* PBXTargetDependency */ = {
			isa = PBXTargetDependency;
			target = 02E07134154094FE00BF4BCE /* RFLibraries */;
			targetProxy = 02E0714B154094FE00BF4BCE /* PBXContainerItemProxy */;
		};
/* End PBXTargetDependency section */

/* Begin PBXVariantGroup section */
		02E07151154094FE00BF4BCE /* InfoPlist.strings */ = {
			isa = PBXVariantGroup;
			children = (
				02E07152154094FE00BF4BCE /* en */,
			);
			name = InfoPlist.strings;
			sourceTree = "<group>";
		};
/* End PBXVariantGroup section */

/* Begin XCBuildConfiguration section */
		02E07157154094FE00BF4BCE /* Debug */ = {
			isa = XCBuildConfiguration;
			buildSettings = {
				ALWAYS_SEARCH_USER_PATHS = NO;
				ARCHS = "$(ARCHS_STANDARD_32_BIT)";
				CLANG_ENABLE_OBJC_ARC = YES;
				COPY_PHASE_STRIP = NO;
				GCC_C_LANGUAGE_STANDARD = gnu99;
				GCC_DYNAMIC_NO_PIC = NO;
				GCC_OPTIMIZATION_LEVEL = 0;
				GCC_PREPROCESSOR_DEFINITIONS = (
					"DEBUG=1",
					"$(inherited)",
				);
				GCC_SYMBOLS_PRIVATE_EXTERN = NO;
				GCC_VERSION = com.apple.compilers.llvm.clang.1_0;
				GCC_WARN_ABOUT_RETURN_TYPE = YES;
				GCC_WARN_UNINITIALIZED_AUTOS = YES;
				GCC_WARN_UNUSED_VARIABLE = YES;
				IPHONEOS_DEPLOYMENT_TARGET = 5.1;
				SDKROOT = iphoneos;
			};
			name = Debug;
		};
		02E07158154094FE00BF4BCE /* Release */ = {
			isa = XCBuildConfiguration;
			buildSettings = {
				ALWAYS_SEARCH_USER_PATHS = NO;
				ARCHS = "$(ARCHS_STANDARD_32_BIT)";
				CLANG_ENABLE_OBJC_ARC = YES;
				COPY_PHASE_STRIP = YES;
				GCC_C_LANGUAGE_STANDARD = gnu99;
				GCC_VERSION = com.apple.compilers.llvm.clang.1_0;
				GCC_WARN_ABOUT_RETURN_TYPE = YES;
				GCC_WARN_UNINITIALIZED_AUTOS = YES;
				GCC_WARN_UNUSED_VARIABLE = YES;
				IPHONEOS_DEPLOYMENT_TARGET = 5.1;
				SDKROOT = iphoneos;
				VALIDATE_PRODUCT = YES;
			};
			name = Release;
		};
		02E0715A154094FE00BF4BCE /* Debug */ = {
			isa = XCBuildConfiguration;
			buildSettings = {
				DSTROOT = /tmp/RFLibraries.dst;
				GCC_PRECOMPILE_PREFIX_HEADER = YES;
				GCC_PREFIX_HEADER = "RFLibraries/RFLibraries-Prefix.pch";
				OTHER_LDFLAGS = "-ObjC";
				PRODUCT_NAME = "$(TARGET_NAME)";
				SKIP_INSTALL = YES;
			};
			name = Debug;
		};
		02E0715B154094FE00BF4BCE /* Release */ = {
			isa = XCBuildConfiguration;
			buildSettings = {
				DSTROOT = /tmp/RFLibraries.dst;
				GCC_PRECOMPILE_PREFIX_HEADER = YES;
				GCC_PREFIX_HEADER = "RFLibraries/RFLibraries-Prefix.pch";
				OTHER_LDFLAGS = "-ObjC";
				PRODUCT_NAME = "$(TARGET_NAME)";
				SKIP_INSTALL = YES;
			};
			name = Release;
		};
		02E0715D154094FE00BF4BCE /* Debug */ = {
			isa = XCBuildConfiguration;
			buildSettings = {
				FRAMEWORK_SEARCH_PATHS = (
					"$(SDKROOT)/Developer/Library/Frameworks",
					"$(DEVELOPER_LIBRARY_DIR)/Frameworks",
				);
				GCC_PRECOMPILE_PREFIX_HEADER = YES;
				GCC_PREFIX_HEADER = "RFLibraries/RFLibraries-Prefix.pch";
				INFOPLIST_FILE = "RFLibrariesTests/RFLibrariesTests-Info.plist";
				PRODUCT_NAME = "$(TARGET_NAME)";
				WRAPPER_EXTENSION = octest;
			};
			name = Debug;
		};
		02E0715E154094FE00BF4BCE /* Release */ = {
			isa = XCBuildConfiguration;
			buildSettings = {
				FRAMEWORK_SEARCH_PATHS = (
					"$(SDKROOT)/Developer/Library/Frameworks",
					"$(DEVELOPER_LIBRARY_DIR)/Frameworks",
				);
				GCC_PRECOMPILE_PREFIX_HEADER = YES;
				GCC_PREFIX_HEADER = "RFLibraries/RFLibraries-Prefix.pch";
				INFOPLIST_FILE = "RFLibrariesTests/RFLibrariesTests-Info.plist";
				PRODUCT_NAME = "$(TARGET_NAME)";
				WRAPPER_EXTENSION = octest;
			};
			name = Release;
		};
/* End XCBuildConfiguration section */

/* Begin XCConfigurationList section */
		02E0712F154094FE00BF4BCE /* Build configuration list for PBXProject "RFLibraries" */ = {
			isa = XCConfigurationList;
			buildConfigurations = (
				02E07157154094FE00BF4BCE /* Debug */,
				02E07158154094FE00BF4BCE /* Release */,
			);
			defaultConfigurationIsVisible = 0;
			defaultConfigurationName = Release;
		};
		02E07159154094FE00BF4BCE /* Build configuration list for PBXNativeTarget "RFLibraries" */ = {
			isa = XCConfigurationList;
			buildConfigurations = (
				02E0715A154094FE00BF4BCE /* Debug */,
				02E0715B154094FE00BF4BCE /* Release */,
			);
			defaultConfigurationIsVisible = 0;
			defaultConfigurationName = Release;
		};
		02E0715C154094FE00BF4BCE /* Build configuration list for PBXNativeTarget "RFLibrariesTests" */ = {
			isa = XCConfigurationList;
			buildConfigurations = (
				02E0715D154094FE00BF4BCE /* Debug */,
				02E0715E154094FE00BF4BCE /* Release */,
			);
			defaultConfigurationIsVisible = 0;
			defaultConfigurationName = Release;
		};
/* End XCConfigurationList section */
	};
	rootObject = 02E0712C154094FE00BF4BCE /* Project object */;
}
