<?xml version="1.0" encoding="UTF-8"?>
<!DOCTYPE plist PUBLIC "-//Apple//DTD PLIST 1.0//EN" "http://www.apple.com/DTDs/PropertyList-1.0.dtd">
<plist version="1.0">
<dict>
	<key>archiveVersion</key>
	<string>1</string>
	<key>classes</key>
	<dict/>
	<key>objectVersion</key>
	<string>46</string>
	<key>objects</key>
	<dict>
		<key>0251C60115532D000095B23D</key>
		<dict>
			<key>fileEncoding</key>
			<string>4</string>
			<key>isa</key>
			<string>PBXFileReference</string>
			<key>lastKnownFileType</key>
			<string>sourcecode.c.h</string>
			<key>name</key>
			<string>UIKit+Drawing.h</string>
			<key>path</key>
			<string>RFLibrary/UIKit+Drawing.h</string>
			<key>sourceTree</key>
			<string>SOURCE_ROOT</string>
		</dict>
		<key>0251C60215532D000095B23D</key>
		<dict>
			<key>fileEncoding</key>
			<string>4</string>
			<key>isa</key>
			<string>PBXFileReference</string>
			<key>lastKnownFileType</key>
			<string>sourcecode.c.objc</string>
			<key>name</key>
			<string>UIKit+Drawing.m</string>
			<key>path</key>
			<string>RFLibrary/UIKit+Drawing.m</string>
			<key>sourceTree</key>
			<string>SOURCE_ROOT</string>
		</dict>
		<key>0251C60315532D000095B23D</key>
		<dict>
			<key>fileRef</key>
			<string>0251C60115532D000095B23D</string>
			<key>isa</key>
			<string>PBXBuildFile</string>
		</dict>
		<key>0251C60415532D000095B23D</key>
		<dict>
			<key>fileRef</key>
			<string>0251C60215532D000095B23D</string>
			<key>isa</key>
			<string>PBXBuildFile</string>
		</dict>
		<key>025E091316C96AE000D0F23E</key>
		<dict>
			<key>isa</key>
			<string>PBXFileReference</string>
			<key>lastKnownFileType</key>
			<string>wrapper.framework</string>
			<key>name</key>
			<string>QuartzCore.framework</string>
			<key>path</key>
			<string>System/Library/Frameworks/QuartzCore.framework</string>
			<key>sourceTree</key>
			<string>SDKROOT</string>
		</dict>
		<key>025E091416C96AE000D0F23E</key>
		<dict>
			<key>fileRef</key>
			<string>025E091316C96AE000D0F23E</string>
			<key>isa</key>
			<string>PBXBuildFile</string>
		</dict>
		<key>02627D4716AF0A60003CB55C</key>
		<dict>
			<key>fileEncoding</key>
			<string>4</string>
			<key>isa</key>
			<string>PBXFileReference</string>
			<key>lastKnownFileType</key>
			<string>sourcecode.c.h</string>
			<key>name</key>
			<string>NSDictionary+Additions.h</string>
			<key>path</key>
			<string>RFLibrary/NSDictionary+Additions.h</string>
			<key>sourceTree</key>
			<string>SOURCE_ROOT</string>
		</dict>
		<key>02627D4816AF0A60003CB55C</key>
		<dict>
			<key>fileEncoding</key>
			<string>4</string>
			<key>isa</key>
			<string>PBXFileReference</string>
			<key>lastKnownFileType</key>
			<string>sourcecode.c.objc</string>
			<key>name</key>
			<string>NSDictionary+Additions.m</string>
			<key>path</key>
			<string>RFLibrary/NSDictionary+Additions.m</string>
			<key>sourceTree</key>
			<string>SOURCE_ROOT</string>
		</dict>
		<key>02627D4916AF0A60003CB55C</key>
		<dict>
			<key>fileRef</key>
			<string>02627D4716AF0A60003CB55C</string>
			<key>isa</key>
			<string>PBXBuildFile</string>
		</dict>
		<key>02627D4A16AF0A60003CB55C</key>
		<dict>
			<key>fileRef</key>
			<string>02627D4816AF0A60003CB55C</string>
			<key>isa</key>
			<string>PBXBuildFile</string>
		</dict>
		<key>0271323315508FFD0042DCEB</key>
		<dict>
			<key>fileEncoding</key>
			<string>4</string>
			<key>isa</key>
			<string>PBXFileReference</string>
			<key>lastKnownFileType</key>
			<string>sourcecode.c.h</string>
			<key>name</key>
			<string>NSObject+Properties.h</string>
			<key>path</key>
			<string>RFLibrary/NSObject+Properties.h</string>
			<key>sourceTree</key>
			<string>SOURCE_ROOT</string>
		</dict>
		<key>0271323415508FFD0042DCEB</key>
		<dict>
			<key>fileEncoding</key>
			<string>4</string>
			<key>isa</key>
			<string>PBXFileReference</string>
			<key>lastKnownFileType</key>
			<string>sourcecode.c.objc</string>
			<key>name</key>
			<string>NSObject+Properties.m</string>
			<key>path</key>
			<string>RFLibrary/NSObject+Properties.m</string>
			<key>sourceTree</key>
			<string>SOURCE_ROOT</string>
		</dict>
		<key>0271323515508FFE0042DCEB</key>
		<dict>
			<key>fileRef</key>
			<string>0271323315508FFD0042DCEB</string>
			<key>isa</key>
			<string>PBXBuildFile</string>
		</dict>
		<key>0271323615508FFE0042DCEB</key>
		<dict>
			<key>fileRef</key>
			<string>0271323415508FFD0042DCEB</string>
			<key>isa</key>
			<string>PBXBuildFile</string>
		</dict>
		<key>02780EA41541333B006332E0</key>
		<dict>
			<key>fileEncoding</key>
			<string>4</string>
			<key>isa</key>
			<string>PBXFileReference</string>
			<key>lastKnownFileType</key>
			<string>sourcecode.c.h</string>
			<key>name</key>
			<string>CoreGraphics+DDAdditions.h</string>
			<key>path</key>
			<string>RFLibrary/CoreGraphics+DDAdditions.h</string>
			<key>sourceTree</key>
			<string>SOURCE_ROOT</string>
		</dict>
		<key>02780EA51541333B006332E0</key>
		<dict>
			<key>fileEncoding</key>
			<string>4</string>
			<key>isa</key>
			<string>PBXFileReference</string>
			<key>lastKnownFileType</key>
			<string>sourcecode.c.h</string>
			<key>name</key>
			<string>CoreGraphics+TVAdditions.h</string>
			<key>path</key>
			<string>RFLibrary/CoreGraphics+TVAdditions.h</string>
			<key>sourceTree</key>
			<string>SOURCE_ROOT</string>
		</dict>
		<key>02780EAA1541333B006332E0</key>
		<dict>
			<key>fileEncoding</key>
			<string>4</string>
			<key>isa</key>
			<string>PBXFileReference</string>
			<key>lastKnownFileType</key>
			<string>sourcecode.c.h</string>
			<key>name</key>
			<string>RFMacros.h</string>
			<key>path</key>
			<string>RFLibrary/RFMacros.h</string>
			<key>sourceTree</key>
			<string>SOURCE_ROOT</string>
		</dict>
		<key>02780EAB1541333B006332E0</key>
		<dict>
			<key>fileEncoding</key>
			<string>4</string>
			<key>isa</key>
			<string>PBXFileReference</string>
			<key>lastKnownFileType</key>
			<string>sourcecode.c.h</string>
			<key>name</key>
			<string>WebSnapsticle.h</string>
			<key>path</key>
			<string>RFLibrary/WebSnapsticle.h</string>
			<key>sourceTree</key>
			<string>SOURCE_ROOT</string>
		</dict>
		<key>02780EAC1541333B006332E0</key>
		<dict>
			<key>fileEncoding</key>
			<string>4</string>
			<key>isa</key>
			<string>PBXFileReference</string>
			<key>lastKnownFileType</key>
			<string>sourcecode.c.objc</string>
			<key>name</key>
			<string>WebSnapsticle.m</string>
			<key>path</key>
			<string>RFLibrary/WebSnapsticle.m</string>
			<key>sourceTree</key>
			<string>SOURCE_ROOT</string>
		</dict>
		<key>02780EAD1541333B006332E0</key>
		<dict>
			<key>fileRef</key>
			<string>02780EA41541333B006332E0</string>
			<key>isa</key>
			<string>PBXBuildFile</string>
		</dict>
		<key>02780EAE1541333B006332E0</key>
		<dict>
			<key>fileRef</key>
			<string>02780EA51541333B006332E0</string>
			<key>isa</key>
			<string>PBXBuildFile</string>
		</dict>
		<key>02780EB51541333B006332E0</key>
		<dict>
			<key>fileRef</key>
			<string>02780EAA1541333B006332E0</string>
			<key>isa</key>
			<string>PBXBuildFile</string>
		</dict>
		<key>02780EB61541333B006332E0</key>
		<dict>
			<key>fileRef</key>
			<string>02780EAB1541333B006332E0</string>
			<key>isa</key>
			<string>PBXBuildFile</string>
		</dict>
		<key>02780EB71541333B006332E0</key>
		<dict>
			<key>fileRef</key>
			<string>02780EAC1541333B006332E0</string>
			<key>isa</key>
			<string>PBXBuildFile</string>
		</dict>
		<key>02780EB915413358006332E0</key>
		<dict>
			<key>fileEncoding</key>
			<string>4</string>
			<key>isa</key>
			<string>PBXFileReference</string>
			<key>lastKnownFileType</key>
			<string>sourcecode.c.h</string>
			<key>name</key>
			<string>GradientView.h</string>
			<key>path</key>
			<string>RFLibrary/GradientView.h</string>
			<key>sourceTree</key>
			<string>SOURCE_ROOT</string>
		</dict>
		<key>02780EBA15413358006332E0</key>
		<dict>
			<key>fileEncoding</key>
			<string>4</string>
			<key>isa</key>
			<string>PBXFileReference</string>
			<key>lastKnownFileType</key>
			<string>sourcecode.c.objc</string>
			<key>name</key>
			<string>GradientView.m</string>
			<key>path</key>
			<string>RFLibrary/GradientView.m</string>
			<key>sourceTree</key>
			<string>SOURCE_ROOT</string>
		</dict>
		<key>02780EBB15413358006332E0</key>
		<dict>
			<key>fileEncoding</key>
			<string>4</string>
			<key>isa</key>
			<string>PBXFileReference</string>
			<key>lastKnownFileType</key>
			<string>sourcecode.c.h</string>
			<key>name</key>
			<string>HorizontalTableView.h</string>
			<key>path</key>
			<string>RFLibrary/HorizontalTableView.h</string>
			<key>sourceTree</key>
			<string>SOURCE_ROOT</string>
		</dict>
		<key>02780EBC15413358006332E0</key>
		<dict>
			<key>fileEncoding</key>
			<string>4</string>
			<key>isa</key>
			<string>PBXFileReference</string>
			<key>lastKnownFileType</key>
			<string>sourcecode.c.objc</string>
			<key>name</key>
			<string>HorizontalTableView.m</string>
			<key>path</key>
			<string>RFLibrary/HorizontalTableView.m</string>
			<key>sourceTree</key>
			<string>SOURCE_ROOT</string>
		</dict>
		<key>02780EBD15413358006332E0</key>
		<dict>
			<key>fileEncoding</key>
			<string>4</string>
			<key>isa</key>
			<string>PBXFileReference</string>
			<key>lastKnownFileType</key>
			<string>sourcecode.c.h</string>
			<key>name</key>
			<string>ImageSpinnerView.h</string>
			<key>path</key>
			<string>RFLibrary/ImageSpinnerView.h</string>
			<key>sourceTree</key>
			<string>SOURCE_ROOT</string>
		</dict>
		<key>02780EBE15413358006332E0</key>
		<dict>
			<key>fileEncoding</key>
			<string>4</string>
			<key>isa</key>
			<string>PBXFileReference</string>
			<key>lastKnownFileType</key>
			<string>sourcecode.c.objc</string>
			<key>name</key>
			<string>ImageSpinnerView.m</string>
			<key>path</key>
			<string>RFLibrary/ImageSpinnerView.m</string>
			<key>sourceTree</key>
			<string>SOURCE_ROOT</string>
		</dict>
		<key>02780EBF15413358006332E0</key>
		<dict>
			<key>fileEncoding</key>
			<string>4</string>
			<key>isa</key>
			<string>PBXFileReference</string>
			<key>lastKnownFileType</key>
			<string>sourcecode.c.h</string>
			<key>name</key>
			<string>ImageViewCenteredFit.h</string>
			<key>path</key>
			<string>RFLibrary/ImageViewCenteredFit.h</string>
			<key>sourceTree</key>
			<string>SOURCE_ROOT</string>
		</dict>
		<key>02780EC015413358006332E0</key>
		<dict>
			<key>fileEncoding</key>
			<string>4</string>
			<key>isa</key>
			<string>PBXFileReference</string>
			<key>lastKnownFileType</key>
			<string>sourcecode.c.objc</string>
			<key>name</key>
			<string>ImageViewCenteredFit.m</string>
			<key>path</key>
			<string>RFLibrary/ImageViewCenteredFit.m</string>
			<key>sourceTree</key>
			<string>SOURCE_ROOT</string>
		</dict>
		<key>02780EC115413358006332E0</key>
		<dict>
			<key>fileEncoding</key>
			<string>4</string>
			<key>isa</key>
			<string>PBXFileReference</string>
			<key>lastKnownFileType</key>
			<string>sourcecode.c.h</string>
			<key>name</key>
			<string>LoadingView.h</string>
			<key>path</key>
			<string>RFLibrary/LoadingView.h</string>
			<key>sourceTree</key>
			<string>SOURCE_ROOT</string>
		</dict>
		<key>02780EC215413358006332E0</key>
		<dict>
			<key>fileEncoding</key>
			<string>4</string>
			<key>isa</key>
			<string>PBXFileReference</string>
			<key>lastKnownFileType</key>
			<string>sourcecode.c.objc</string>
			<key>name</key>
			<string>LoadingView.m</string>
			<key>path</key>
			<string>RFLibrary/LoadingView.m</string>
			<key>sourceTree</key>
			<string>SOURCE_ROOT</string>
		</dict>
		<key>02780EC315413358006332E0</key>
		<dict>
			<key>fileEncoding</key>
			<string>4</string>
			<key>isa</key>
			<string>PBXFileReference</string>
			<key>lastKnownFileType</key>
			<string>file.xib</string>
			<key>name</key>
			<string>LoadingView.xib</string>
			<key>path</key>
			<string>RFLibrary/LoadingView.xib</string>
			<key>sourceTree</key>
			<string>SOURCE_ROOT</string>
		</dict>
		<key>02780EC415413358006332E0</key>
		<dict>
			<key>fileEncoding</key>
			<string>4</string>
			<key>isa</key>
			<string>PBXFileReference</string>
			<key>lastKnownFileType</key>
			<string>sourcecode.c.h</string>
			<key>name</key>
			<string>RNTextView.h</string>
			<key>path</key>
			<string>RFLibrary/RNTextView.h</string>
			<key>sourceTree</key>
			<string>SOURCE_ROOT</string>
		</dict>
		<key>02780EC515413358006332E0</key>
		<dict>
			<key>fileEncoding</key>
			<string>4</string>
			<key>isa</key>
			<string>PBXFileReference</string>
			<key>lastKnownFileType</key>
			<string>sourcecode.c.objc</string>
			<key>name</key>
			<string>RNTextView.m</string>
			<key>path</key>
			<string>RFLibrary/RNTextView.m</string>
			<key>sourceTree</key>
			<string>SOURCE_ROOT</string>
		</dict>
		<key>02780EC615413358006332E0</key>
		<dict>
			<key>fileEncoding</key>
			<string>4</string>
			<key>isa</key>
			<string>PBXFileReference</string>
			<key>lastKnownFileType</key>
			<string>sourcecode.c.h</string>
			<key>name</key>
			<string>TextFieldWithInset.h</string>
			<key>path</key>
			<string>RFLibrary/TextFieldWithInset.h</string>
			<key>sourceTree</key>
			<string>SOURCE_ROOT</string>
		</dict>
		<key>02780EC715413358006332E0</key>
		<dict>
			<key>fileEncoding</key>
			<string>4</string>
			<key>isa</key>
			<string>PBXFileReference</string>
			<key>lastKnownFileType</key>
			<string>sourcecode.c.objc</string>
			<key>name</key>
			<string>TextFieldWithInset.m</string>
			<key>path</key>
			<string>RFLibrary/TextFieldWithInset.m</string>
			<key>sourceTree</key>
			<string>SOURCE_ROOT</string>
		</dict>
		<key>02780EC815413358006332E0</key>
		<dict>
			<key>fileEncoding</key>
			<string>4</string>
			<key>isa</key>
			<string>PBXFileReference</string>
			<key>lastKnownFileType</key>
			<string>sourcecode.c.h</string>
			<key>name</key>
			<string>YoutubeView.h</string>
			<key>path</key>
			<string>RFLibrary/YoutubeView.h</string>
			<key>sourceTree</key>
			<string>SOURCE_ROOT</string>
		</dict>
		<key>02780EC915413358006332E0</key>
		<dict>
			<key>fileEncoding</key>
			<string>4</string>
			<key>isa</key>
			<string>PBXFileReference</string>
			<key>lastKnownFileType</key>
			<string>sourcecode.c.objc</string>
			<key>name</key>
			<string>YoutubeView.m</string>
			<key>path</key>
			<string>RFLibrary/YoutubeView.m</string>
			<key>sourceTree</key>
			<string>SOURCE_ROOT</string>
		</dict>
		<key>02780ECA15413358006332E0</key>
		<dict>
			<key>fileRef</key>
			<string>02780EB915413358006332E0</string>
			<key>isa</key>
			<string>PBXBuildFile</string>
		</dict>
		<key>02780ECB15413358006332E0</key>
		<dict>
			<key>fileRef</key>
			<string>02780EBA15413358006332E0</string>
			<key>isa</key>
			<string>PBXBuildFile</string>
		</dict>
		<key>02780ECD15413358006332E0</key>
		<dict>
			<key>fileRef</key>
			<string>02780EBB15413358006332E0</string>
			<key>isa</key>
			<string>PBXBuildFile</string>
		</dict>
		<key>02780ECE15413358006332E0</key>
		<dict>
			<key>fileRef</key>
			<string>02780EBC15413358006332E0</string>
			<key>isa</key>
			<string>PBXBuildFile</string>
		</dict>
		<key>02780ED015413358006332E0</key>
		<dict>
			<key>fileRef</key>
			<string>02780EBD15413358006332E0</string>
			<key>isa</key>
			<string>PBXBuildFile</string>
		</dict>
		<key>02780ED115413358006332E0</key>
		<dict>
			<key>fileRef</key>
			<string>02780EBE15413358006332E0</string>
			<key>isa</key>
			<string>PBXBuildFile</string>
		</dict>
		<key>02780ED315413358006332E0</key>
		<dict>
			<key>fileRef</key>
			<string>02780EBF15413358006332E0</string>
			<key>isa</key>
			<string>PBXBuildFile</string>
		</dict>
		<key>02780ED415413358006332E0</key>
		<dict>
			<key>fileRef</key>
			<string>02780EC015413358006332E0</string>
			<key>isa</key>
			<string>PBXBuildFile</string>
		</dict>
		<key>02780ED615413358006332E0</key>
		<dict>
			<key>fileRef</key>
			<string>02780EC115413358006332E0</string>
			<key>isa</key>
			<string>PBXBuildFile</string>
		</dict>
		<key>02780ED715413358006332E0</key>
		<dict>
			<key>fileRef</key>
			<string>02780EC215413358006332E0</string>
			<key>isa</key>
			<string>PBXBuildFile</string>
		</dict>
		<key>02780EDA15413358006332E0</key>
		<dict>
			<key>fileRef</key>
			<string>02780EC415413358006332E0</string>
			<key>isa</key>
			<string>PBXBuildFile</string>
		</dict>
		<key>02780EDB15413358006332E0</key>
		<dict>
			<key>fileRef</key>
			<string>02780EC515413358006332E0</string>
			<key>isa</key>
			<string>PBXBuildFile</string>
		</dict>
		<key>02780EDD15413358006332E0</key>
		<dict>
			<key>fileRef</key>
			<string>02780EC615413358006332E0</string>
			<key>isa</key>
			<string>PBXBuildFile</string>
		</dict>
		<key>02780EDE15413358006332E0</key>
		<dict>
			<key>fileRef</key>
			<string>02780EC715413358006332E0</string>
			<key>isa</key>
			<string>PBXBuildFile</string>
		</dict>
		<key>02780EE015413358006332E0</key>
		<dict>
			<key>fileRef</key>
			<string>02780EC815413358006332E0</string>
			<key>isa</key>
			<string>PBXBuildFile</string>
		</dict>
		<key>02780EE115413358006332E0</key>
		<dict>
			<key>fileRef</key>
			<string>02780EC915413358006332E0</string>
			<key>isa</key>
			<string>PBXBuildFile</string>
		</dict>
		<key>02780EE315413370006332E0</key>
		<dict>
			<key>fileEncoding</key>
			<string>4</string>
			<key>isa</key>
			<string>PBXFileReference</string>
			<key>lastKnownFileType</key>
			<string>sourcecode.c.h</string>
			<key>name</key>
			<string>NSArray+Additions.h</string>
			<key>path</key>
			<string>RFLibrary/NSArray+Additions.h</string>
			<key>sourceTree</key>
			<string>SOURCE_ROOT</string>
		</dict>
		<key>02780EE415413370006332E0</key>
		<dict>
			<key>fileEncoding</key>
			<string>4</string>
			<key>isa</key>
			<string>PBXFileReference</string>
			<key>lastKnownFileType</key>
			<string>sourcecode.c.objc</string>
			<key>name</key>
			<string>NSArray+Additions.m</string>
			<key>path</key>
			<string>RFLibrary/NSArray+Additions.m</string>
			<key>sourceTree</key>
			<string>SOURCE_ROOT</string>
		</dict>
		<key>02780EE515413370006332E0</key>
		<dict>
			<key>fileEncoding</key>
			<string>4</string>
			<key>isa</key>
			<string>PBXFileReference</string>
			<key>lastKnownFileType</key>
			<string>sourcecode.c.h</string>
			<key>name</key>
			<string>NSArray+Reverse.h</string>
			<key>path</key>
			<string>RFLibrary/NSArray+Reverse.h</string>
			<key>sourceTree</key>
			<string>SOURCE_ROOT</string>
		</dict>
		<key>02780EE615413370006332E0</key>
		<dict>
			<key>fileEncoding</key>
			<string>4</string>
			<key>isa</key>
			<string>PBXFileReference</string>
			<key>lastKnownFileType</key>
			<string>sourcecode.c.objc</string>
			<key>name</key>
			<string>NSArray+Reverse.m</string>
			<key>path</key>
			<string>RFLibrary/NSArray+Reverse.m</string>
			<key>sourceTree</key>
			<string>SOURCE_ROOT</string>
		</dict>
		<key>02780EE915413370006332E0</key>
		<dict>
			<key>fileEncoding</key>
			<string>4</string>
			<key>isa</key>
			<string>PBXFileReference</string>
			<key>lastKnownFileType</key>
			<string>sourcecode.c.h</string>
			<key>name</key>
			<string>NSDate+Utilities.h</string>
			<key>path</key>
			<string>RFLibrary/NSDate+Utilities.h</string>
			<key>sourceTree</key>
			<string>SOURCE_ROOT</string>
		</dict>
		<key>02780EEA15413370006332E0</key>
		<dict>
			<key>fileEncoding</key>
			<string>4</string>
			<key>isa</key>
			<string>PBXFileReference</string>
			<key>lastKnownFileType</key>
			<string>sourcecode.c.objc</string>
			<key>name</key>
			<string>NSDate+Utilities.m</string>
			<key>path</key>
			<string>RFLibrary/NSDate+Utilities.m</string>
			<key>sourceTree</key>
			<string>SOURCE_ROOT</string>
		</dict>
		<key>02780EEB15413370006332E0</key>
		<dict>
			<key>fileEncoding</key>
			<string>4</string>
			<key>isa</key>
			<string>PBXFileReference</string>
			<key>lastKnownFileType</key>
			<string>sourcecode.c.h</string>
			<key>name</key>
			<string>NSString+Additions.h</string>
			<key>path</key>
			<string>RFLibrary/NSString+Additions.h</string>
			<key>sourceTree</key>
			<string>SOURCE_ROOT</string>
		</dict>
		<key>02780EEC15413370006332E0</key>
		<dict>
			<key>fileEncoding</key>
			<string>4</string>
			<key>isa</key>
			<string>PBXFileReference</string>
			<key>lastKnownFileType</key>
			<string>sourcecode.c.objc</string>
			<key>name</key>
			<string>NSString+Additions.m</string>
			<key>path</key>
			<string>RFLibrary/NSString+Additions.m</string>
			<key>sourceTree</key>
			<string>SOURCE_ROOT</string>
		</dict>
		<key>02780EED15413370006332E0</key>
		<dict>
			<key>fileEncoding</key>
			<string>4</string>
			<key>isa</key>
			<string>PBXFileReference</string>
			<key>lastKnownFileType</key>
			<string>sourcecode.c.h</string>
			<key>name</key>
			<string>UIColor+Additions.h</string>
			<key>path</key>
			<string>RFLibrary/UIColor+Additions.h</string>
			<key>sourceTree</key>
			<string>SOURCE_ROOT</string>
		</dict>
		<key>02780EEE15413370006332E0</key>
		<dict>
			<key>fileEncoding</key>
			<string>4</string>
			<key>isa</key>
			<string>PBXFileReference</string>
			<key>lastKnownFileType</key>
			<string>sourcecode.c.objc</string>
			<key>name</key>
			<string>UIColor+Additions.m</string>
			<key>path</key>
			<string>RFLibrary/UIColor+Additions.m</string>
			<key>sourceTree</key>
			<string>SOURCE_ROOT</string>
		</dict>
		<key>02780EEF15413370006332E0</key>
		<dict>
			<key>fileEncoding</key>
			<string>4</string>
			<key>isa</key>
			<string>PBXFileReference</string>
			<key>lastKnownFileType</key>
			<string>sourcecode.c.h</string>
			<key>name</key>
			<string>UIImage+Additions.h</string>
			<key>path</key>
			<string>RFLibrary/UIImage+Additions.h</string>
			<key>sourceTree</key>
			<string>SOURCE_ROOT</string>
		</dict>
		<key>02780EF015413370006332E0</key>
		<dict>
			<key>fileEncoding</key>
			<string>4</string>
			<key>isa</key>
			<string>PBXFileReference</string>
			<key>lastKnownFileType</key>
			<string>sourcecode.c.objc</string>
			<key>name</key>
			<string>UIImage+Additions.m</string>
			<key>path</key>
			<string>RFLibrary/UIImage+Additions.m</string>
			<key>sourceTree</key>
			<string>SOURCE_ROOT</string>
		</dict>
		<key>02780EF115413370006332E0</key>
		<dict>
			<key>fileEncoding</key>
			<string>4</string>
			<key>isa</key>
			<string>PBXFileReference</string>
			<key>lastKnownFileType</key>
			<string>sourcecode.c.h</string>
			<key>name</key>
			<string>UIView+Additions.h</string>
			<key>path</key>
			<string>RFLibrary/UIView+Additions.h</string>
			<key>sourceTree</key>
			<string>SOURCE_ROOT</string>
		</dict>
		<key>02780EF215413370006332E0</key>
		<dict>
			<key>fileEncoding</key>
			<string>4</string>
			<key>isa</key>
			<string>PBXFileReference</string>
			<key>lastKnownFileType</key>
			<string>sourcecode.c.objc</string>
			<key>name</key>
			<string>UIView+Additions.m</string>
			<key>path</key>
			<string>RFLibrary/UIView+Additions.m</string>
			<key>sourceTree</key>
			<string>SOURCE_ROOT</string>
		</dict>
		<key>02780EF315413370006332E0</key>
		<dict>
			<key>fileRef</key>
			<string>02780EE315413370006332E0</string>
			<key>isa</key>
			<string>PBXBuildFile</string>
		</dict>
		<key>02780EF415413370006332E0</key>
		<dict>
			<key>fileRef</key>
			<string>02780EE415413370006332E0</string>
			<key>isa</key>
			<string>PBXBuildFile</string>
		</dict>
		<key>02780EF615413370006332E0</key>
		<dict>
			<key>fileRef</key>
			<string>02780EE515413370006332E0</string>
			<key>isa</key>
			<string>PBXBuildFile</string>
		</dict>
		<key>02780EF715413370006332E0</key>
		<dict>
			<key>fileRef</key>
			<string>02780EE615413370006332E0</string>
			<key>isa</key>
			<string>PBXBuildFile</string>
		</dict>
		<key>02780EFC15413370006332E0</key>
		<dict>
			<key>fileRef</key>
			<string>02780EE915413370006332E0</string>
			<key>isa</key>
			<string>PBXBuildFile</string>
		</dict>
		<key>02780EFD15413370006332E0</key>
		<dict>
			<key>fileRef</key>
			<string>02780EEA15413370006332E0</string>
			<key>isa</key>
			<string>PBXBuildFile</string>
		</dict>
		<key>02780EFF15413370006332E0</key>
		<dict>
			<key>fileRef</key>
			<string>02780EEB15413370006332E0</string>
			<key>isa</key>
			<string>PBXBuildFile</string>
		</dict>
		<key>02780F0015413370006332E0</key>
		<dict>
			<key>fileRef</key>
			<string>02780EEC15413370006332E0</string>
			<key>isa</key>
			<string>PBXBuildFile</string>
		</dict>
		<key>02780F0215413370006332E0</key>
		<dict>
			<key>fileRef</key>
			<string>02780EED15413370006332E0</string>
			<key>isa</key>
			<string>PBXBuildFile</string>
		</dict>
		<key>02780F0315413370006332E0</key>
		<dict>
			<key>fileRef</key>
			<string>02780EEE15413370006332E0</string>
			<key>isa</key>
			<string>PBXBuildFile</string>
		</dict>
		<key>02780F0515413370006332E0</key>
		<dict>
			<key>fileRef</key>
			<string>02780EEF15413370006332E0</string>
			<key>isa</key>
			<string>PBXBuildFile</string>
		</dict>
		<key>02780F0615413370006332E0</key>
		<dict>
			<key>fileRef</key>
			<string>02780EF015413370006332E0</string>
			<key>isa</key>
			<string>PBXBuildFile</string>
		</dict>
		<key>02780F0815413370006332E0</key>
		<dict>
			<key>fileRef</key>
			<string>02780EF115413370006332E0</string>
			<key>isa</key>
			<string>PBXBuildFile</string>
		</dict>
		<key>02780F0915413370006332E0</key>
		<dict>
			<key>fileRef</key>
			<string>02780EF215413370006332E0</string>
			<key>isa</key>
			<string>PBXBuildFile</string>
		</dict>
		<key>02780F3F15413CCA006332E0</key>
		<dict>
			<key>fileEncoding</key>
			<string>4</string>
			<key>isa</key>
			<string>PBXFileReference</string>
			<key>lastKnownFileType</key>
			<string>sourcecode.c.h</string>
			<key>name</key>
			<string>BorderView.h</string>
			<key>path</key>
			<string>RFLibrary/BorderView.h</string>
			<key>sourceTree</key>
			<string>SOURCE_ROOT</string>
		</dict>
		<key>02780F4015413CCA006332E0</key>
		<dict>
			<key>fileEncoding</key>
			<string>4</string>
			<key>isa</key>
			<string>PBXFileReference</string>
			<key>lastKnownFileType</key>
			<string>sourcecode.c.objc</string>
			<key>name</key>
			<string>BorderView.m</string>
			<key>path</key>
			<string>RFLibrary/BorderView.m</string>
			<key>sourceTree</key>
			<string>SOURCE_ROOT</string>
		</dict>
		<key>02780F4115413CCA006332E0</key>
		<dict>
			<key>fileRef</key>
			<string>02780F3F15413CCA006332E0</string>
			<key>isa</key>
			<string>PBXBuildFile</string>
		</dict>
		<key>02780F4215413CCA006332E0</key>
		<dict>
			<key>fileRef</key>
			<string>02780F4015413CCA006332E0</string>
			<key>isa</key>
			<string>PBXBuildFile</string>
		</dict>
		<key>029B447215412BD500D0E250</key>
		<dict>
			<key>fileEncoding</key>
			<string>4</string>
			<key>isa</key>
			<string>PBXFileReference</string>
			<key>lastKnownFileType</key>
			<string>sourcecode.c.h</string>
			<key>name</key>
			<string>RFLibraries-Prefix.pch</string>
			<key>path</key>
			<string>RFLibrary/RFLibraries-Prefix.pch</string>
			<key>sourceTree</key>
			<string>SOURCE_ROOT</string>
		</dict>
		<key>029B447315412BD500D0E250</key>
		<dict>
			<key>fileRef</key>
			<string>029B447215412BD500D0E250</string>
			<key>isa</key>
			<string>PBXBuildFile</string>
		</dict>
		<key>02E0712A154094FE00BF4BCE</key>
		<dict>
			<key>children</key>
			<array>
				<string>025E091316C96AE000D0F23E</string>
				<string>02E0713A154094FE00BF4BCE</string>
				<string>02E07137154094FE00BF4BCE</string>
				<string>02E07136154094FE00BF4BCE</string>
				<string>EA511A7152134329A7B3A7EB</string>
			</array>
			<key>isa</key>
			<string>PBXGroup</string>
			<key>sourceTree</key>
			<string>&lt;group&gt;</string>
		</dict>
		<key>02E0712C154094FE00BF4BCE</key>
		<dict>
			<key>attributes</key>
			<dict>
				<key>LastUpgradeCheck</key>
				<string>0430</string>
				<key>ORGANIZATIONNAME</key>
				<string>Itv</string>
			</dict>
			<key>buildConfigurationList</key>
			<string>02E0712F154094FE00BF4BCE</string>
			<key>compatibilityVersion</key>
			<string>Xcode 3.2</string>
			<key>developmentRegion</key>
			<string>English</string>
			<key>hasScannedForEncodings</key>
			<string>0</string>
			<key>isa</key>
			<string>PBXProject</string>
			<key>knownRegions</key>
			<array>
				<string>en</string>
			</array>
			<key>mainGroup</key>
			<string>02E0712A154094FE00BF4BCE</string>
			<key>productRefGroup</key>
			<string>02E07136154094FE00BF4BCE</string>
			<key>projectDirPath</key>
			<string></string>
			<key>projectReferences</key>
			<array/>
			<key>projectRoot</key>
			<string></string>
			<key>targets</key>
			<array>
				<string>02E07134154094FE00BF4BCE</string>
			</array>
		</dict>
		<key>02E0712F154094FE00BF4BCE</key>
		<dict>
			<key>buildConfigurations</key>
			<array>
				<string>02E07157154094FE00BF4BCE</string>
				<string>02E07158154094FE00BF4BCE</string>
			</array>
			<key>defaultConfigurationIsVisible</key>
			<string>0</string>
			<key>defaultConfigurationName</key>
			<string>Release</string>
			<key>isa</key>
			<string>XCConfigurationList</string>
		</dict>
		<key>02E07131154094FE00BF4BCE</key>
		<dict>
			<key>buildActionMask</key>
			<string>2147483647</string>
			<key>files</key>
			<array>
				<string>02780EB71541333B006332E0</string>
				<string>02780ECB15413358006332E0</string>
				<string>02780ECE15413358006332E0</string>
				<string>02780ED115413358006332E0</string>
				<string>02780ED415413358006332E0</string>
				<string>02780ED715413358006332E0</string>
				<string>02780EDB15413358006332E0</string>
				<string>02780EDE15413358006332E0</string>
				<string>02780EE115413358006332E0</string>
				<string>02780EF415413370006332E0</string>
				<string>02780EF715413370006332E0</string>
				<string>02780EFD15413370006332E0</string>
				<string>02780F0015413370006332E0</string>
				<string>02780F0315413370006332E0</string>
				<string>02780F0615413370006332E0</string>
				<string>02780F0915413370006332E0</string>
				<string>02780F4215413CCA006332E0</string>
				<string>0271323615508FFE0042DCEB</string>
				<string>0251C60415532D000095B23D</string>
				<string>02627D4A16AF0A60003CB55C</string>
				<string>02F0E6E716E523A40009BDE8</string>
				<string>02F0E6E916E523A40009BDE8</string>
				<string>02F0E6EB16E523A40009BDE8</string>
				<string>02F0E6ED16E523A40009BDE8</string>
			</array>
			<key>isa</key>
			<string>PBXSourcesBuildPhase</string>
			<key>runOnlyForDeploymentPostprocessing</key>
			<string>0</string>
		</dict>
		<key>02E07132154094FE00BF4BCE</key>
		<dict>
			<key>buildActionMask</key>
			<string>2147483647</string>
			<key>files</key>
			<array>
				<string>025E091416C96AE000D0F23E</string>
				<string>02E30E03154F12D50042161D</string>
				<string>02E30E04154F12D50042161D</string>
				<string>02E07139154094FE00BF4BCE</string>
				<string>223547E270174A6DA6D821CF</string>
			</array>
			<key>isa</key>
			<string>PBXFrameworksBuildPhase</string>
			<key>runOnlyForDeploymentPostprocessing</key>
			<string>0</string>
		</dict>
		<key>02E07133154094FE00BF4BCE</key>
		<dict>
			<key>buildActionMask</key>
			<string>2147483647</string>
			<key>files</key>
			<array>
				<string>029B447315412BD500D0E250</string>
				<string>02780EAD1541333B006332E0</string>
				<string>02780EAE1541333B006332E0</string>
				<string>02780EB51541333B006332E0</string>
				<string>02780EB61541333B006332E0</string>
				<string>02780ECA15413358006332E0</string>
				<string>02780ECD15413358006332E0</string>
				<string>02780ED015413358006332E0</string>
				<string>02780ED315413358006332E0</string>
				<string>02780ED615413358006332E0</string>
				<string>02780EDA15413358006332E0</string>
				<string>02780EDD15413358006332E0</string>
				<string>02780EE015413358006332E0</string>
				<string>02780EF315413370006332E0</string>
				<string>02780EF615413370006332E0</string>
				<string>02780EFC15413370006332E0</string>
				<string>02780EFF15413370006332E0</string>
				<string>02780F0215413370006332E0</string>
				<string>02780F0515413370006332E0</string>
				<string>02780F0815413370006332E0</string>
				<string>02780F4115413CCA006332E0</string>
				<string>0271323515508FFE0042DCEB</string>
				<string>0251C60315532D000095B23D</string>
				<string>02627D4916AF0A60003CB55C</string>
				<string>02F0E6E616E523A40009BDE8</string>
				<string>02F0E6E816E523A40009BDE8</string>
				<string>02F0E6EA16E523A40009BDE8</string>
				<string>02F0E6EC16E523A40009BDE8</string>
			</array>
			<key>isa</key>
			<string>PBXHeadersBuildPhase</string>
			<key>runOnlyForDeploymentPostprocessing</key>
			<string>0</string>
		</dict>
		<key>02E07134154094FE00BF4BCE</key>
		<dict>
			<key>buildConfigurationList</key>
			<string>02E07159154094FE00BF4BCE</string>
			<key>buildPhases</key>
			<array>
				<string>02E07131154094FE00BF4BCE</string>
				<string>02E07132154094FE00BF4BCE</string>
				<string>02E07133154094FE00BF4BCE</string>
				<string>A4E788D9468849908B068710</string>
			</array>
			<key>buildRules</key>
			<array/>
			<key>dependencies</key>
			<array/>
			<key>isa</key>
			<string>PBXNativeTarget</string>
			<key>name</key>
			<string>RFLibrary</string>
			<key>productName</key>
			<string>RFLibraries</string>
			<key>productReference</key>
			<string>02E07135154094FE00BF4BCE</string>
			<key>productType</key>
			<string>com.apple.product-type.library.static</string>
		</dict>
		<key>02E07135154094FE00BF4BCE</key>
		<dict>
			<key>explicitFileType</key>
			<string>archive.ar</string>
			<key>includeInIndex</key>
			<string>0</string>
			<key>isa</key>
			<string>PBXFileReference</string>
			<key>path</key>
			<string>libRFLibrary.a</string>
			<key>sourceTree</key>
			<string>BUILT_PRODUCTS_DIR</string>
		</dict>
		<key>02E07136154094FE00BF4BCE</key>
		<dict>
			<key>children</key>
			<array>
				<string>02E07135154094FE00BF4BCE</string>
			</array>
			<key>isa</key>
			<string>PBXGroup</string>
			<key>name</key>
			<string>Products</string>
			<key>sourceTree</key>
			<string>&lt;group&gt;</string>
		</dict>
		<key>02E07137154094FE00BF4BCE</key>
		<dict>
			<key>children</key>
			<array>
				<string>02E30E01154F12D50042161D</string>
				<string>02E30E02154F12D50042161D</string>
				<string>02E07138154094FE00BF4BCE</string>
				<string>02E07146154094FE00BF4BCE</string>
				<string>02E07148154094FE00BF4BCE</string>
				<string>0799934542494C308211DB03</string>
			</array>
			<key>isa</key>
			<string>PBXGroup</string>
			<key>name</key>
			<string>Frameworks</string>
			<key>sourceTree</key>
			<string>&lt;group&gt;</string>
		</dict>
		<key>02E07138154094FE00BF4BCE</key>
		<dict>
			<key>isa</key>
			<string>PBXFileReference</string>
			<key>lastKnownFileType</key>
			<string>wrapper.framework</string>
			<key>name</key>
			<string>Foundation.framework</string>
			<key>path</key>
			<string>System/Library/Frameworks/Foundation.framework</string>
			<key>sourceTree</key>
			<string>SDKROOT</string>
		</dict>
		<key>02E07139154094FE00BF4BCE</key>
		<dict>
			<key>fileRef</key>
			<string>02E07138154094FE00BF4BCE</string>
			<key>isa</key>
			<string>PBXBuildFile</string>
		</dict>
		<key>02E0713A154094FE00BF4BCE</key>
		<dict>
			<key>children</key>
			<array>
				<string>02E071681540955B00BF4BCE</string>
				<string>02E071671540955100BF4BCE</string>
				<string>02E071661540954700BF4BCE</string>
				<string>02E0713B154094FE00BF4BCE</string>
			</array>
			<key>isa</key>
			<string>PBXGroup</string>
			<key>path</key>
			<string>RFLibraries</string>
			<key>sourceTree</key>
			<string>&lt;group&gt;</string>
		</dict>
		<key>02E0713B154094FE00BF4BCE</key>
		<dict>
			<key>children</key>
			<array>
				<string>029B447215412BD500D0E250</string>
			</array>
			<key>isa</key>
			<string>PBXGroup</string>
			<key>name</key>
			<string>Supporting Files</string>
			<key>sourceTree</key>
			<string>&lt;group&gt;</string>
		</dict>
		<key>02E07146154094FE00BF4BCE</key>
		<dict>
			<key>isa</key>
			<string>PBXFileReference</string>
			<key>lastKnownFileType</key>
			<string>wrapper.framework</string>
			<key>name</key>
			<string>SenTestingKit.framework</string>
			<key>path</key>
			<string>Library/Frameworks/SenTestingKit.framework</string>
			<key>sourceTree</key>
			<string>DEVELOPER_DIR</string>
		</dict>
		<key>02E07148154094FE00BF4BCE</key>
		<dict>
			<key>isa</key>
			<string>PBXFileReference</string>
			<key>lastKnownFileType</key>
			<string>wrapper.framework</string>
			<key>name</key>
			<string>UIKit.framework</string>
			<key>path</key>
			<string>Library/Frameworks/UIKit.framework</string>
			<key>sourceTree</key>
			<string>DEVELOPER_DIR</string>
		</dict>
		<key>02E07157154094FE00BF4BCE</key>
		<dict>
			<key>buildSettings</key>
			<dict>
				<key>ALWAYS_SEARCH_USER_PATHS</key>
				<string>NO</string>
				<key>ARCHS</key>
				<string>$(ARCHS_STANDARD_32_BIT)</string>
				<key>CLANG_ENABLE_OBJC_ARC</key>
				<string>YES</string>
				<key>COPY_PHASE_STRIP</key>
				<string>NO</string>
				<key>GCC_C_LANGUAGE_STANDARD</key>
				<string>gnu99</string>
				<key>GCC_DYNAMIC_NO_PIC</key>
				<string>NO</string>
				<key>GCC_OPTIMIZATION_LEVEL</key>
				<string>0</string>
				<key>GCC_PREPROCESSOR_DEFINITIONS</key>
				<array>
					<string>DEBUG=1</string>
					<string>$(inherited)</string>
				</array>
				<key>GCC_SYMBOLS_PRIVATE_EXTERN</key>
				<string>NO</string>
				<key>GCC_VERSION</key>
				<string>com.apple.compilers.llvm.clang.1_0</string>
				<key>GCC_WARN_ABOUT_RETURN_TYPE</key>
				<string>YES</string>
				<key>GCC_WARN_UNINITIALIZED_AUTOS</key>
				<string>YES</string>
				<key>GCC_WARN_UNUSED_VARIABLE</key>
				<string>YES</string>
				<key>IPHONEOS_DEPLOYMENT_TARGET</key>
				<string>5.1</string>
				<key>SDKROOT</key>
				<string>iphoneos</string>
			</dict>
			<key>isa</key>
			<string>XCBuildConfiguration</string>
			<key>name</key>
			<string>Debug</string>
		</dict>
		<key>02E07158154094FE00BF4BCE</key>
		<dict>
			<key>buildSettings</key>
			<dict>
				<key>ALWAYS_SEARCH_USER_PATHS</key>
				<string>NO</string>
				<key>ARCHS</key>
				<string>$(ARCHS_STANDARD_32_BIT)</string>
				<key>CLANG_ENABLE_OBJC_ARC</key>
				<string>YES</string>
				<key>COPY_PHASE_STRIP</key>
				<string>YES</string>
				<key>GCC_C_LANGUAGE_STANDARD</key>
				<string>gnu99</string>
				<key>GCC_VERSION</key>
				<string>com.apple.compilers.llvm.clang.1_0</string>
				<key>GCC_WARN_ABOUT_RETURN_TYPE</key>
				<string>YES</string>
				<key>GCC_WARN_UNINITIALIZED_AUTOS</key>
				<string>YES</string>
				<key>GCC_WARN_UNUSED_VARIABLE</key>
				<string>YES</string>
				<key>IPHONEOS_DEPLOYMENT_TARGET</key>
				<string>5.1</string>
				<key>SDKROOT</key>
				<string>iphoneos</string>
				<key>VALIDATE_PRODUCT</key>
				<string>YES</string>
			</dict>
			<key>isa</key>
			<string>XCBuildConfiguration</string>
			<key>name</key>
			<string>Release</string>
		</dict>
		<key>02E07159154094FE00BF4BCE</key>
		<dict>
			<key>buildConfigurations</key>
			<array>
				<string>02E0715A154094FE00BF4BCE</string>
				<string>02E0715B154094FE00BF4BCE</string>
			</array>
			<key>defaultConfigurationIsVisible</key>
			<string>0</string>
			<key>defaultConfigurationName</key>
			<string>Release</string>
			<key>isa</key>
			<string>XCConfigurationList</string>
		</dict>
		<key>02E0715A154094FE00BF4BCE</key>
		<dict>
			<key>baseConfigurationReference</key>
			<string>EA511A7152134329A7B3A7EB</string>
			<key>buildSettings</key>
			<dict>
				<key>DSTROOT</key>
				<string>/tmp/RFLibraries.dst</string>
				<key>GCC_PRECOMPILE_PREFIX_HEADER</key>
				<string>YES</string>
				<key>GCC_PREFIX_HEADER</key>
				<string>RFLibrary/RFLibraries-Prefix.pch</string>
				<key>OTHER_LDFLAGS</key>
				<string>-ObjC</string>
				<key>PRODUCT_NAME</key>
				<string>$(TARGET_NAME)</string>
				<key>SKIP_INSTALL</key>
				<string>YES</string>
			</dict>
			<key>isa</key>
			<string>XCBuildConfiguration</string>
			<key>name</key>
			<string>Debug</string>
		</dict>
		<key>02E0715B154094FE00BF4BCE</key>
		<dict>
			<key>baseConfigurationReference</key>
			<string>EA511A7152134329A7B3A7EB</string>
			<key>buildSettings</key>
			<dict>
				<key>DSTROOT</key>
				<string>/tmp/RFLibraries.dst</string>
				<key>GCC_PRECOMPILE_PREFIX_HEADER</key>
				<string>YES</string>
				<key>GCC_PREFIX_HEADER</key>
				<string>RFLibrary/RFLibraries-Prefix.pch</string>
				<key>OTHER_LDFLAGS</key>
				<string>-ObjC</string>
				<key>PRODUCT_NAME</key>
				<string>$(TARGET_NAME)</string>
				<key>SKIP_INSTALL</key>
				<string>YES</string>
			</dict>
			<key>isa</key>
			<string>XCBuildConfiguration</string>
			<key>name</key>
			<string>Release</string>
		</dict>
		<key>02E071661540954700BF4BCE</key>
		<dict>
			<key>children</key>
			<array>
				<string>02780EAA1541333B006332E0</string>
				<string>02780EAB1541333B006332E0</string>
				<string>02780EAC1541333B006332E0</string>
			</array>
			<key>isa</key>
			<string>PBXGroup</string>
			<key>name</key>
			<string>Misc</string>
			<key>sourceTree</key>
			<string>&lt;group&gt;</string>
		</dict>
		<key>02E071671540955100BF4BCE</key>
		<dict>
			<key>children</key>
			<array>
				<string>02F0E6E216E523A40009BDE8</string>
				<string>02F0E6E316E523A40009BDE8</string>
				<string>0251C60115532D000095B23D</string>
				<string>0251C60215532D000095B23D</string>
				<string>0271323315508FFD0042DCEB</string>
				<string>0271323415508FFD0042DCEB</string>
				<string>02780EA41541333B006332E0</string>
				<string>02780EA51541333B006332E0</string>
				<string>02780EE315413370006332E0</string>
				<string>02780EE415413370006332E0</string>
				<string>02780EE515413370006332E0</string>
				<string>02780EE615413370006332E0</string>
				<string>02780EE915413370006332E0</string>
				<string>02780EEA15413370006332E0</string>
				<string>02780EEB15413370006332E0</string>
				<string>02780EEC15413370006332E0</string>
				<string>02780EED15413370006332E0</string>
				<string>02780EEE15413370006332E0</string>
				<string>02780EEF15413370006332E0</string>
				<string>02627D4716AF0A60003CB55C</string>
				<string>02627D4816AF0A60003CB55C</string>
				<string>02780EF015413370006332E0</string>
				<string>02780EF115413370006332E0</string>
				<string>02780EF215413370006332E0</string>
			</array>
			<key>isa</key>
			<string>PBXGroup</string>
			<key>name</key>
			<string>Categories</string>
			<key>sourceTree</key>
			<string>&lt;group&gt;</string>
		</dict>
		<key>02E071681540955B00BF4BCE</key>
		<dict>
			<key>children</key>
			<array>
				<string>02780EB915413358006332E0</string>
				<string>02780EBA15413358006332E0</string>
				<string>02780EBB15413358006332E0</string>
				<string>02780EBC15413358006332E0</string>
				<string>02780EBD15413358006332E0</string>
				<string>02780EBE15413358006332E0</string>
				<string>02780EBF15413358006332E0</string>
				<string>02780EC015413358006332E0</string>
				<string>02780EC115413358006332E0</string>
				<string>02780EC215413358006332E0</string>
				<string>02780EC315413358006332E0</string>
				<string>02780EC415413358006332E0</string>
				<string>02780EC515413358006332E0</string>
				<string>02780EC615413358006332E0</string>
				<string>02780EC715413358006332E0</string>
				<string>02780F3F15413CCA006332E0</string>
				<string>02780F4015413CCA006332E0</string>
				<string>02780EC815413358006332E0</string>
				<string>02780EC915413358006332E0</string>
				<string>02F0E6DE16E523A40009BDE8</string>
				<string>02F0E6DF16E523A40009BDE8</string>
				<string>02F0E6E016E523A40009BDE8</string>
				<string>02F0E6E116E523A40009BDE8</string>
				<string>02F0E6E416E523A40009BDE8</string>
				<string>02F0E6E516E523A40009BDE8</string>
			</array>
			<key>isa</key>
			<string>PBXGroup</string>
			<key>name</key>
			<string>Views</string>
			<key>sourceTree</key>
			<string>&lt;group&gt;</string>
		</dict>
		<key>02E30E01154F12D50042161D</key>
		<dict>
			<key>isa</key>
			<string>PBXFileReference</string>
			<key>lastKnownFileType</key>
			<string>wrapper.framework</string>
			<key>name</key>
			<string>CoreData.framework</string>
			<key>path</key>
			<string>System/Library/Frameworks/CoreData.framework</string>
			<key>sourceTree</key>
			<string>SDKROOT</string>
		</dict>
		<key>02E30E02154F12D50042161D</key>
		<dict>
			<key>isa</key>
			<string>PBXFileReference</string>
			<key>lastKnownFileType</key>
			<string>wrapper.framework</string>
			<key>name</key>
			<string>CoreText.framework</string>
			<key>path</key>
			<string>System/Library/Frameworks/CoreText.framework</string>
			<key>sourceTree</key>
			<string>SDKROOT</string>
		</dict>
		<key>02E30E03154F12D50042161D</key>
		<dict>
			<key>fileRef</key>
			<string>02E30E01154F12D50042161D</string>
			<key>isa</key>
			<string>PBXBuildFile</string>
		</dict>
		<key>02E30E04154F12D50042161D</key>
		<dict>
			<key>fileRef</key>
			<string>02E30E02154F12D50042161D</string>
			<key>isa</key>
			<string>PBXBuildFile</string>
		</dict>
		<key>02F0E6DE16E523A40009BDE8</key>
		<dict>
			<key>fileEncoding</key>
			<string>4</string>
			<key>isa</key>
			<string>PBXFileReference</string>
			<key>lastKnownFileType</key>
			<string>sourcecode.c.h</string>
			<key>path</key>
			<string>RFCoreDataTable.h</string>
			<key>sourceTree</key>
			<string>SOURCE_ROOT</string>
		</dict>
		<key>02F0E6DF16E523A40009BDE8</key>
		<dict>
			<key>fileEncoding</key>
			<string>4</string>
			<key>isa</key>
			<string>PBXFileReference</string>
			<key>lastKnownFileType</key>
			<string>sourcecode.c.objc</string>
			<key>path</key>
			<string>RFCoreDataTable.m</string>
			<key>sourceTree</key>
			<string>SOURCE_ROOT</string>
		</dict>
		<key>02F0E6E016E523A40009BDE8</key>
		<dict>
			<key>fileEncoding</key>
			<string>4</string>
			<key>isa</key>
			<string>PBXFileReference</string>
			<key>lastKnownFileType</key>
			<string>sourcecode.c.h</string>
			<key>path</key>
			<string>RFCoreDataCollectionView.h</string>
			<key>sourceTree</key>
			<string>SOURCE_ROOT</string>
		</dict>
		<key>02F0E6E116E523A40009BDE8</key>
		<dict>
			<key>fileEncoding</key>
			<string>4</string>
			<key>isa</key>
			<string>PBXFileReference</string>
			<key>lastKnownFileType</key>
			<string>sourcecode.c.objc</string>
			<key>path</key>
			<string>RFCoreDataCollectionView.m</string>
			<key>sourceTree</key>
			<string>SOURCE_ROOT</string>
		</dict>
		<key>02F0E6E216E523A40009BDE8</key>
		<dict>
			<key>fileEncoding</key>
			<string>4</string>
			<key>isa</key>
			<string>PBXFileReference</string>
			<key>lastKnownFileType</key>
			<string>sourcecode.c.h</string>
			<key>path</key>
			<string>NSManagedObject+RFLibrary.h</string>
			<key>sourceTree</key>
			<string>SOURCE_ROOT</string>
		</dict>
		<key>02F0E6E316E523A40009BDE8</key>
		<dict>
			<key>fileEncoding</key>
			<string>4</string>
			<key>isa</key>
			<string>PBXFileReference</string>
			<key>lastKnownFileType</key>
			<string>sourcecode.c.objc</string>
			<key>path</key>
			<string>NSManagedObject+RFLibrary.m</string>
			<key>sourceTree</key>
			<string>SOURCE_ROOT</string>
		</dict>
		<key>02F0E6E416E523A40009BDE8</key>
		<dict>
			<key>fileEncoding</key>
			<string>4</string>
			<key>isa</key>
			<string>PBXFileReference</string>
			<key>lastKnownFileType</key>
			<string>sourcecode.c.h</string>
			<key>path</key>
			<string>RFFetchedResultsController.h</string>
			<key>sourceTree</key>
			<string>SOURCE_ROOT</string>
		</dict>
		<key>02F0E6E516E523A40009BDE8</key>
		<dict>
			<key>fileEncoding</key>
			<string>4</string>
			<key>isa</key>
			<string>PBXFileReference</string>
			<key>lastKnownFileType</key>
			<string>sourcecode.c.objc</string>
			<key>path</key>
			<string>RFFetchedResultsController.m</string>
			<key>sourceTree</key>
			<string>SOURCE_ROOT</string>
		</dict>
		<key>02F0E6E616E523A40009BDE8</key>
		<dict>
			<key>fileRef</key>
			<string>02F0E6DE16E523A40009BDE8</string>
			<key>isa</key>
			<string>PBXBuildFile</string>
		</dict>
		<key>02F0E6E716E523A40009BDE8</key>
		<dict>
			<key>fileRef</key>
			<string>02F0E6DF16E523A40009BDE8</string>
			<key>isa</key>
			<string>PBXBuildFile</string>
		</dict>
		<key>02F0E6E816E523A40009BDE8</key>
		<dict>
			<key>fileRef</key>
			<string>02F0E6E016E523A40009BDE8</string>
			<key>isa</key>
			<string>PBXBuildFile</string>
		</dict>
		<key>02F0E6E916E523A40009BDE8</key>
		<dict>
			<key>fileRef</key>
			<string>02F0E6E116E523A40009BDE8</string>
			<key>isa</key>
			<string>PBXBuildFile</string>
		</dict>
		<key>02F0E6EA16E523A40009BDE8</key>
		<dict>
			<key>fileRef</key>
			<string>02F0E6E216E523A40009BDE8</string>
			<key>isa</key>
			<string>PBXBuildFile</string>
		</dict>
		<key>02F0E6EB16E523A40009BDE8</key>
		<dict>
			<key>fileRef</key>
			<string>02F0E6E316E523A40009BDE8</string>
			<key>isa</key>
			<string>PBXBuildFile</string>
		</dict>
		<key>02F0E6EC16E523A40009BDE8</key>
		<dict>
			<key>fileRef</key>
			<string>02F0E6E416E523A40009BDE8</string>
			<key>isa</key>
			<string>PBXBuildFile</string>
		</dict>
		<key>02F0E6ED16E523A40009BDE8</key>
		<dict>
			<key>fileRef</key>
			<string>02F0E6E516E523A40009BDE8</string>
			<key>isa</key>
			<string>PBXBuildFile</string>
		</dict>
		<key>0799934542494C308211DB03</key>
		<dict>
			<key>explicitFileType</key>
			<string>archive.ar</string>
			<key>includeInIndex</key>
			<string>0</string>
			<key>isa</key>
			<string>PBXFileReference</string>
			<key>name</key>
			<string>libPods.a</string>
			<key>path</key>
			<string>libPods.a</string>
			<key>sourceTree</key>
			<string>BUILT_PRODUCTS_DIR</string>
		</dict>
		<key>223547E270174A6DA6D821CF</key>
		<dict>
			<key>fileRef</key>
			<string>0799934542494C308211DB03</string>
			<key>isa</key>
			<string>PBXBuildFile</string>
			<key>settings</key>
			<dict/>
		</dict>
		<key>A4E788D9468849908B068710</key>
		<dict>
			<key>buildActionMask</key>
			<string>2147483647</string>
			<key>files</key>
			<array/>
			<key>inputPaths</key>
			<array/>
			<key>isa</key>
			<string>PBXShellScriptBuildPhase</string>
			<key>name</key>
			<string>Copy Pods Resources</string>
			<key>outputPaths</key>
			<array/>
			<key>runOnlyForDeploymentPostprocessing</key>
			<string>0</string>
			<key>shellPath</key>
			<string>/bin/sh</string>
			<key>shellScript</key>
			<string>"${SRCROOT}/Pods/Pods-resources.sh"
</string>
			<key>showEnvVarsInLog</key>
			<string>1</string>
		</dict>
		<key>EA511A7152134329A7B3A7EB</key>
		<dict>
			<key>includeInIndex</key>
			<string>1</string>
			<key>isa</key>
			<string>PBXFileReference</string>
			<key>lastKnownFileType</key>
			<string>text.xcconfig</string>
			<key>name</key>
			<string>Pods.xcconfig</string>
			<key>path</key>
			<string>Pods/Pods.xcconfig</string>
			<key>sourceTree</key>
			<string>SOURCE_ROOT</string>
		</dict>
	</dict>
	<key>rootObject</key>
	<string>02E0712C154094FE00BF4BCE</string>
</dict>
</plist>
