// !$*UTF8*$!
{
	archiveVersion = 1;
	classes = {
	};
	objectVersion = 46;
	objects = {

/* Begin PBXBuildFile section */
		02780EAD1541333B006332E0 /* CoreGraphics+DDAdditions.h in Headers */ = {isa = PBXBuildFile; fileRef = 02780EA41541333B006332E0 /* CoreGraphics+DDAdditions.h */; };
		02780EAE1541333B006332E0 /* CoreGraphics+TVAdditions.h in Headers */ = {isa = PBXBuildFile; fileRef = 02780EA51541333B006332E0 /* CoreGraphics+TVAdditions.h */; };
		02780EAF1541333B006332E0 /* ISO8601DateFormatter.h in Headers */ = {isa = PBXBuildFile; fileRef = 02780EA61541333B006332E0 /* ISO8601DateFormatter.h */; };
		02780EB01541333B006332E0 /* ISO8601DateFormatter.m in Sources */ = {isa = PBXBuildFile; fileRef = 02780EA71541333B006332E0 /* ISO8601DateFormatter.m */; };
		02780EB21541333B006332E0 /* Reachability.h in Headers */ = {isa = PBXBuildFile; fileRef = 02780EA81541333B006332E0 /* Reachability.h */; };
		02780EB31541333B006332E0 /* Reachability.m in Sources */ = {isa = PBXBuildFile; fileRef = 02780EA91541333B006332E0 /* Reachability.m */; };
		02780EB51541333B006332E0 /* RFMacros.h in Headers */ = {isa = PBXBuildFile; fileRef = 02780EAA1541333B006332E0 /* RFMacros.h */; };
		02780EB61541333B006332E0 /* WebSnapsticle.h in Headers */ = {isa = PBXBuildFile; fileRef = 02780EAB1541333B006332E0 /* WebSnapsticle.h */; };
		02780EB71541333B006332E0 /* WebSnapsticle.m in Sources */ = {isa = PBXBuildFile; fileRef = 02780EAC1541333B006332E0 /* WebSnapsticle.m */; };
		02780ECA15413358006332E0 /* GradientView.h in Headers */ = {isa = PBXBuildFile; fileRef = 02780EB915413358006332E0 /* GradientView.h */; };
		02780ECB15413358006332E0 /* GradientView.m in Sources */ = {isa = PBXBuildFile; fileRef = 02780EBA15413358006332E0 /* GradientView.m */; };
		02780ECD15413358006332E0 /* HorizontalTableView.h in Headers */ = {isa = PBXBuildFile; fileRef = 02780EBB15413358006332E0 /* HorizontalTableView.h */; };
		02780ECE15413358006332E0 /* HorizontalTableView.m in Sources */ = {isa = PBXBuildFile; fileRef = 02780EBC15413358006332E0 /* HorizontalTableView.m */; };
		02780ED015413358006332E0 /* ImageSpinnerView.h in Headers */ = {isa = PBXBuildFile; fileRef = 02780EBD15413358006332E0 /* ImageSpinnerView.h */; };
		02780ED115413358006332E0 /* ImageSpinnerView.m in Sources */ = {isa = PBXBuildFile; fileRef = 02780EBE15413358006332E0 /* ImageSpinnerView.m */; };
		02780ED315413358006332E0 /* ImageViewCenteredFit.h in Headers */ = {isa = PBXBuildFile; fileRef = 02780EBF15413358006332E0 /* ImageViewCenteredFit.h */; };
		02780ED415413358006332E0 /* ImageViewCenteredFit.m in Sources */ = {isa = PBXBuildFile; fileRef = 02780EC015413358006332E0 /* ImageViewCenteredFit.m */; };
		02780ED615413358006332E0 /* LoadingView.h in Headers */ = {isa = PBXBuildFile; fileRef = 02780EC115413358006332E0 /* LoadingView.h */; };
		02780ED715413358006332E0 /* LoadingView.m in Sources */ = {isa = PBXBuildFile; fileRef = 02780EC215413358006332E0 /* LoadingView.m */; };
		02780EDA15413358006332E0 /* RNTextView.h in Headers */ = {isa = PBXBuildFile; fileRef = 02780EC415413358006332E0 /* RNTextView.h */; };
		02780EDB15413358006332E0 /* RNTextView.m in Sources */ = {isa = PBXBuildFile; fileRef = 02780EC515413358006332E0 /* RNTextView.m */; };
		02780EDD15413358006332E0 /* TextFieldWithInset.h in Headers */ = {isa = PBXBuildFile; fileRef = 02780EC615413358006332E0 /* TextFieldWithInset.h */; };
		02780EDE15413358006332E0 /* TextFieldWithInset.m in Sources */ = {isa = PBXBuildFile; fileRef = 02780EC715413358006332E0 /* TextFieldWithInset.m */; };
		02780EE015413358006332E0 /* YoutubeView.h in Headers */ = {isa = PBXBuildFile; fileRef = 02780EC815413358006332E0 /* YoutubeView.h */; };
		02780EE115413358006332E0 /* YoutubeView.m in Sources */ = {isa = PBXBuildFile; fileRef = 02780EC915413358006332E0 /* YoutubeView.m */; };
		02780EF315413370006332E0 /* NSArray+Additions.h in Headers */ = {isa = PBXBuildFile; fileRef = 02780EE315413370006332E0 /* NSArray+Additions.h */; };
		02780EF415413370006332E0 /* NSArray+Additions.m in Sources */ = {isa = PBXBuildFile; fileRef = 02780EE415413370006332E0 /* NSArray+Additions.m */; };
		02780EF615413370006332E0 /* NSArray+Reverse.h in Headers */ = {isa = PBXBuildFile; fileRef = 02780EE515413370006332E0 /* NSArray+Reverse.h */; };
		02780EF715413370006332E0 /* NSArray+Reverse.m in Sources */ = {isa = PBXBuildFile; fileRef = 02780EE615413370006332E0 /* NSArray+Reverse.m */; };
		02780EF915413370006332E0 /* NSDate+Additions.h in Headers */ = {isa = PBXBuildFile; fileRef = 02780EE715413370006332E0 /* NSDate+Additions.h */; };
		02780EFA15413370006332E0 /* NSDate+Additions.m in Sources */ = {isa = PBXBuildFile; fileRef = 02780EE815413370006332E0 /* NSDate+Additions.m */; };
		02780EFC15413370006332E0 /* NSDate+Utilities.h in Headers */ = {isa = PBXBuildFile; fileRef = 02780EE915413370006332E0 /* NSDate+Utilities.h */; };
		02780EFD15413370006332E0 /* NSDate+Utilities.m in Sources */ = {isa = PBXBuildFile; fileRef = 02780EEA15413370006332E0 /* NSDate+Utilities.m */; };
		02780EFF15413370006332E0 /* NSString+Additions.h in Headers */ = {isa = PBXBuildFile; fileRef = 02780EEB15413370006332E0 /* NSString+Additions.h */; };
		02780F0015413370006332E0 /* NSString+Additions.m in Sources */ = {isa = PBXBuildFile; fileRef = 02780EEC15413370006332E0 /* NSString+Additions.m */; };
		02780F0215413370006332E0 /* UIColor+Additions.h in Headers */ = {isa = PBXBuildFile; fileRef = 02780EED15413370006332E0 /* UIColor+Additions.h */; };
		02780F0315413370006332E0 /* UIColor+Additions.m in Sources */ = {isa = PBXBuildFile; fileRef = 02780EEE15413370006332E0 /* UIColor+Additions.m */; };
		02780F0515413370006332E0 /* UIImage+Additions.h in Headers */ = {isa = PBXBuildFile; fileRef = 02780EEF15413370006332E0 /* UIImage+Additions.h */; };
		02780F0615413370006332E0 /* UIImage+Additions.m in Sources */ = {isa = PBXBuildFile; fileRef = 02780EF015413370006332E0 /* UIImage+Additions.m */; };
		02780F0815413370006332E0 /* UIView+Additions.h in Headers */ = {isa = PBXBuildFile; fileRef = 02780EF115413370006332E0 /* UIView+Additions.h */; };
		02780F0915413370006332E0 /* UIView+Additions.m in Sources */ = {isa = PBXBuildFile; fileRef = 02780EF215413370006332E0 /* UIView+Additions.m */; };
		02780F4115413CCA006332E0 /* BorderView.h in Headers */ = {isa = PBXBuildFile; fileRef = 02780F3F15413CCA006332E0 /* BorderView.h */; };
		02780F4215413CCA006332E0 /* BorderView.m in Sources */ = {isa = PBXBuildFile; fileRef = 02780F4015413CCA006332E0 /* BorderView.m */; };
		029B447315412BD500D0E250 /* RFLibraries-Prefix.pch in Headers */ = {isa = PBXBuildFile; fileRef = 029B447215412BD500D0E250 /* RFLibraries-Prefix.pch */; };
		02E07139154094FE00BF4BCE /* Foundation.framework in Frameworks */ = {isa = PBXBuildFile; fileRef = 02E07138154094FE00BF4BCE /* Foundation.framework */; };
/* End PBXBuildFile section */

/* Begin PBXFileReference section */
		02780EA41541333B006332E0 /* CoreGraphics+DDAdditions.h */ = {isa = PBXFileReference; fileEncoding = 4; lastKnownFileType = sourcecode.c.h; name = "CoreGraphics+DDAdditions.h"; path = "RFLibrary/CoreGraphics+DDAdditions.h"; sourceTree = SOURCE_ROOT; };
		02780EA51541333B006332E0 /* CoreGraphics+TVAdditions.h */ = {isa = PBXFileReference; fileEncoding = 4; lastKnownFileType = sourcecode.c.h; name = "CoreGraphics+TVAdditions.h"; path = "RFLibrary/CoreGraphics+TVAdditions.h"; sourceTree = SOURCE_ROOT; };
		02780EA61541333B006332E0 /* ISO8601DateFormatter.h */ = {isa = PBXFileReference; fileEncoding = 4; lastKnownFileType = sourcecode.c.h; name = ISO8601DateFormatter.h; path = RFLibrary/ISO8601DateFormatter.h; sourceTree = SOURCE_ROOT; };
		02780EA71541333B006332E0 /* ISO8601DateFormatter.m */ = {isa = PBXFileReference; fileEncoding = 4; lastKnownFileType = sourcecode.c.objc; name = ISO8601DateFormatter.m; path = RFLibrary/ISO8601DateFormatter.m; sourceTree = SOURCE_ROOT; };
		02780EA81541333B006332E0 /* Reachability.h */ = {isa = PBXFileReference; fileEncoding = 4; lastKnownFileType = sourcecode.c.h; name = Reachability.h; path = RFLibrary/Reachability.h; sourceTree = SOURCE_ROOT; };
		02780EA91541333B006332E0 /* Reachability.m */ = {isa = PBXFileReference; fileEncoding = 4; lastKnownFileType = sourcecode.c.objc; name = Reachability.m; path = RFLibrary/Reachability.m; sourceTree = SOURCE_ROOT; };
		02780EAA1541333B006332E0 /* RFMacros.h */ = {isa = PBXFileReference; fileEncoding = 4; lastKnownFileType = sourcecode.c.h; name = RFMacros.h; path = RFLibrary/RFMacros.h; sourceTree = SOURCE_ROOT; };
		02780EAB1541333B006332E0 /* WebSnapsticle.h */ = {isa = PBXFileReference; fileEncoding = 4; lastKnownFileType = sourcecode.c.h; name = WebSnapsticle.h; path = RFLibrary/WebSnapsticle.h; sourceTree = SOURCE_ROOT; };
		02780EAC1541333B006332E0 /* WebSnapsticle.m */ = {isa = PBXFileReference; fileEncoding = 4; lastKnownFileType = sourcecode.c.objc; name = WebSnapsticle.m; path = RFLibrary/WebSnapsticle.m; sourceTree = SOURCE_ROOT; };
		02780EB915413358006332E0 /* GradientView.h */ = {isa = PBXFileReference; fileEncoding = 4; lastKnownFileType = sourcecode.c.h; name = GradientView.h; path = RFLibrary/GradientView.h; sourceTree = SOURCE_ROOT; };
		02780EBA15413358006332E0 /* GradientView.m */ = {isa = PBXFileReference; fileEncoding = 4; lastKnownFileType = sourcecode.c.objc; name = GradientView.m; path = RFLibrary/GradientView.m; sourceTree = SOURCE_ROOT; };
		02780EBB15413358006332E0 /* HorizontalTableView.h */ = {isa = PBXFileReference; fileEncoding = 4; lastKnownFileType = sourcecode.c.h; name = HorizontalTableView.h; path = RFLibrary/HorizontalTableView.h; sourceTree = SOURCE_ROOT; };
		02780EBC15413358006332E0 /* HorizontalTableView.m */ = {isa = PBXFileReference; fileEncoding = 4; lastKnownFileType = sourcecode.c.objc; name = HorizontalTableView.m; path = RFLibrary/HorizontalTableView.m; sourceTree = SOURCE_ROOT; };
		02780EBD15413358006332E0 /* ImageSpinnerView.h */ = {isa = PBXFileReference; fileEncoding = 4; lastKnownFileType = sourcecode.c.h; name = ImageSpinnerView.h; path = RFLibrary/ImageSpinnerView.h; sourceTree = SOURCE_ROOT; };
		02780EBE15413358006332E0 /* ImageSpinnerView.m */ = {isa = PBXFileReference; fileEncoding = 4; lastKnownFileType = sourcecode.c.objc; name = ImageSpinnerView.m; path = RFLibrary/ImageSpinnerView.m; sourceTree = SOURCE_ROOT; };
		02780EBF15413358006332E0 /* ImageViewCenteredFit.h */ = {isa = PBXFileReference; fileEncoding = 4; lastKnownFileType = sourcecode.c.h; name = ImageViewCenteredFit.h; path = RFLibrary/ImageViewCenteredFit.h; sourceTree = SOURCE_ROOT; };
		02780EC015413358006332E0 /* ImageViewCenteredFit.m */ = {isa = PBXFileReference; fileEncoding = 4; lastKnownFileType = sourcecode.c.objc; name = ImageViewCenteredFit.m; path = RFLibrary/ImageViewCenteredFit.m; sourceTree = SOURCE_ROOT; };
		02780EC115413358006332E0 /* LoadingView.h */ = {isa = PBXFileReference; fileEncoding = 4; lastKnownFileType = sourcecode.c.h; name = LoadingView.h; path = RFLibrary/LoadingView.h; sourceTree = SOURCE_ROOT; };
		02780EC215413358006332E0 /* LoadingView.m */ = {isa = PBXFileReference; fileEncoding = 4; lastKnownFileType = sourcecode.c.objc; name = LoadingView.m; path = RFLibrary/LoadingView.m; sourceTree = SOURCE_ROOT; };
		02780EC315413358006332E0 /* LoadingView.xib */ = {isa = PBXFileReference; fileEncoding = 4; lastKnownFileType = file.xib; name = LoadingView.xib; path = RFLibrary/LoadingView.xib; sourceTree = SOURCE_ROOT; };
		02780EC415413358006332E0 /* RNTextView.h */ = {isa = PBXFileReference; fileEncoding = 4; lastKnownFileType = sourcecode.c.h; name = RNTextView.h; path = RFLibrary/RNTextView.h; sourceTree = SOURCE_ROOT; };
		02780EC515413358006332E0 /* RNTextView.m */ = {isa = PBXFileReference; fileEncoding = 4; lastKnownFileType = sourcecode.c.objc; name = RNTextView.m; path = RFLibrary/RNTextView.m; sourceTree = SOURCE_ROOT; };
		02780EC615413358006332E0 /* TextFieldWithInset.h */ = {isa = PBXFileReference; fileEncoding = 4; lastKnownFileType = sourcecode.c.h; name = TextFieldWithInset.h; path = RFLibrary/TextFieldWithInset.h; sourceTree = SOURCE_ROOT; };
		02780EC715413358006332E0 /* TextFieldWithInset.m */ = {isa = PBXFileReference; fileEncoding = 4; lastKnownFileType = sourcecode.c.objc; name = TextFieldWithInset.m; path = RFLibrary/TextFieldWithInset.m; sourceTree = SOURCE_ROOT; };
		02780EC815413358006332E0 /* YoutubeView.h */ = {isa = PBXFileReference; fileEncoding = 4; lastKnownFileType = sourcecode.c.h; name = YoutubeView.h; path = RFLibrary/YoutubeView.h; sourceTree = SOURCE_ROOT; };
		02780EC915413358006332E0 /* YoutubeView.m */ = {isa = PBXFileReference; fileEncoding = 4; lastKnownFileType = sourcecode.c.objc; name = YoutubeView.m; path = RFLibrary/YoutubeView.m; sourceTree = SOURCE_ROOT; };
		02780EE315413370006332E0 /* NSArray+Additions.h */ = {isa = PBXFileReference; fileEncoding = 4; lastKnownFileType = sourcecode.c.h; name = "NSArray+Additions.h"; path = "RFLibrary/NSArray+Additions.h"; sourceTree = SOURCE_ROOT; };
		02780EE415413370006332E0 /* NSArray+Additions.m */ = {isa = PBXFileReference; fileEncoding = 4; lastKnownFileType = sourcecode.c.objc; name = "NSArray+Additions.m"; path = "RFLibrary/NSArray+Additions.m"; sourceTree = SOURCE_ROOT; };
		02780EE515413370006332E0 /* NSArray+Reverse.h */ = {isa = PBXFileReference; fileEncoding = 4; lastKnownFileType = sourcecode.c.h; name = "NSArray+Reverse.h"; path = "RFLibrary/NSArray+Reverse.h"; sourceTree = SOURCE_ROOT; };
		02780EE615413370006332E0 /* NSArray+Reverse.m */ = {isa = PBXFileReference; fileEncoding = 4; lastKnownFileType = sourcecode.c.objc; name = "NSArray+Reverse.m"; path = "RFLibrary/NSArray+Reverse.m"; sourceTree = SOURCE_ROOT; };
		02780EE715413370006332E0 /* NSDate+Additions.h */ = {isa = PBXFileReference; fileEncoding = 4; lastKnownFileType = sourcecode.c.h; name = "NSDate+Additions.h"; path = "RFLibrary/NSDate+Additions.h"; sourceTree = SOURCE_ROOT; };
		02780EE815413370006332E0 /* NSDate+Additions.m */ = {isa = PBXFileReference; fileEncoding = 4; lastKnownFileType = sourcecode.c.objc; name = "NSDate+Additions.m"; path = "RFLibrary/NSDate+Additions.m"; sourceTree = SOURCE_ROOT; };
		02780EE915413370006332E0 /* NSDate+Utilities.h */ = {isa = PBXFileReference; fileEncoding = 4; lastKnownFileType = sourcecode.c.h; name = "NSDate+Utilities.h"; path = "RFLibrary/NSDate+Utilities.h"; sourceTree = SOURCE_ROOT; };
		02780EEA15413370006332E0 /* NSDate+Utilities.m */ = {isa = PBXFileReference; fileEncoding = 4; lastKnownFileType = sourcecode.c.objc; name = "NSDate+Utilities.m"; path = "RFLibrary/NSDate+Utilities.m"; sourceTree = SOURCE_ROOT; };
		02780EEB15413370006332E0 /* NSString+Additions.h */ = {isa = PBXFileReference; fileEncoding = 4; lastKnownFileType = sourcecode.c.h; name = "NSString+Additions.h"; path = "RFLibrary/NSString+Additions.h"; sourceTree = SOURCE_ROOT; };
		02780EEC15413370006332E0 /* NSString+Additions.m */ = {isa = PBXFileReference; fileEncoding = 4; lastKnownFileType = sourcecode.c.objc; name = "NSString+Additions.m"; path = "RFLibrary/NSString+Additions.m"; sourceTree = SOURCE_ROOT; };
		02780EED15413370006332E0 /* UIColor+Additions.h */ = {isa = PBXFileReference; fileEncoding = 4; lastKnownFileType = sourcecode.c.h; name = "UIColor+Additions.h"; path = "RFLibrary/UIColor+Additions.h"; sourceTree = SOURCE_ROOT; };
		02780EEE15413370006332E0 /* UIColor+Additions.m */ = {isa = PBXFileReference; fileEncoding = 4; lastKnownFileType = sourcecode.c.objc; name = "UIColor+Additions.m"; path = "RFLibrary/UIColor+Additions.m"; sourceTree = SOURCE_ROOT; };
		02780EEF15413370006332E0 /* UIImage+Additions.h */ = {isa = PBXFileReference; fileEncoding = 4; lastKnownFileType = sourcecode.c.h; name = "UIImage+Additions.h"; path = "RFLibrary/UIImage+Additions.h"; sourceTree = SOURCE_ROOT; };
		02780EF015413370006332E0 /* UIImage+Additions.m */ = {isa = PBXFileReference; fileEncoding = 4; lastKnownFileType = sourcecode.c.objc; name = "UIImage+Additions.m"; path = "RFLibrary/UIImage+Additions.m"; sourceTree = SOURCE_ROOT; };
		02780EF115413370006332E0 /* UIView+Additions.h */ = {isa = PBXFileReference; fileEncoding = 4; lastKnownFileType = sourcecode.c.h; name = "UIView+Additions.h"; path = "RFLibrary/UIView+Additions.h"; sourceTree = SOURCE_ROOT; };
		02780EF215413370006332E0 /* UIView+Additions.m */ = {isa = PBXFileReference; fileEncoding = 4; lastKnownFileType = sourcecode.c.objc; name = "UIView+Additions.m"; path = "RFLibrary/UIView+Additions.m"; sourceTree = SOURCE_ROOT; };
		02780F3F15413CCA006332E0 /* BorderView.h */ = {isa = PBXFileReference; fileEncoding = 4; lastKnownFileType = sourcecode.c.h; name = BorderView.h; path = RFLibrary/BorderView.h; sourceTree = SOURCE_ROOT; };
		02780F4015413CCA006332E0 /* BorderView.m */ = {isa = PBXFileReference; fileEncoding = 4; lastKnownFileType = sourcecode.c.objc; name = BorderView.m; path = RFLibrary/BorderView.m; sourceTree = SOURCE_ROOT; };
		029B447215412BD500D0E250 /* RFLibraries-Prefix.pch */ = {isa = PBXFileReference; fileEncoding = 4; lastKnownFileType = sourcecode.c.h; name = "RFLibraries-Prefix.pch"; path = "RFLibrary/RFLibraries-Prefix.pch"; sourceTree = SOURCE_ROOT; };
		02E07135154094FE00BF4BCE /* libRFLibrary.a */ = {isa = PBXFileReference; explicitFileType = archive.ar; includeInIndex = 0; path = libRFLibrary.a; sourceTree = BUILT_PRODUCTS_DIR; };
		02E07138154094FE00BF4BCE /* Foundation.framework */ = {isa = PBXFileReference; lastKnownFileType = wrapper.framework; name = Foundation.framework; path = System/Library/Frameworks/Foundation.framework; sourceTree = SDKROOT; };
		02E07146154094FE00BF4BCE /* SenTestingKit.framework */ = {isa = PBXFileReference; lastKnownFileType = wrapper.framework; name = SenTestingKit.framework; path = Library/Frameworks/SenTestingKit.framework; sourceTree = DEVELOPER_DIR; };
		02E07148154094FE00BF4BCE /* UIKit.framework */ = {isa = PBXFileReference; lastKnownFileType = wrapper.framework; name = UIKit.framework; path = Library/Frameworks/UIKit.framework; sourceTree = DEVELOPER_DIR; };
/* End PBXFileReference section */

/* Begin PBXFrameworksBuildPhase section */
		02E07132154094FE00BF4BCE /* Frameworks */ = {
			isa = PBXFrameworksBuildPhase;
			buildActionMask = 2147483647;
			files = (
				02E07139154094FE00BF4BCE /* Foundation.framework in Frameworks */,
			);
			runOnlyForDeploymentPostprocessing = 0;
		};
/* End PBXFrameworksBuildPhase section */

/* Begin PBXGroup section */
		02E0712A154094FE00BF4BCE = {
			isa = PBXGroup;
			children = (
				02E0713A154094FE00BF4BCE /* RFLibraries */,
				02E07137154094FE00BF4BCE /* Frameworks */,
				02E07136154094FE00BF4BCE /* Products */,
			);
			sourceTree = "<group>";
		};
		02E07136154094FE00BF4BCE /* Products */ = {
			isa = PBXGroup;
			children = (
				02E07135154094FE00BF4BCE /* libRFLibrary.a */,
			);
			name = Products;
			sourceTree = "<group>";
		};
		02E07137154094FE00BF4BCE /* Frameworks */ = {
			isa = PBXGroup;
			children = (
				02E07138154094FE00BF4BCE /* Foundation.framework */,
				02E07146154094FE00BF4BCE /* SenTestingKit.framework */,
				02E07148154094FE00BF4BCE /* UIKit.framework */,
			);
			name = Frameworks;
			sourceTree = "<group>";
		};
		02E0713A154094FE00BF4BCE /* RFLibraries */ = {
			isa = PBXGroup;
			children = (
				02E071681540955B00BF4BCE /* Views */,
				02E071671540955100BF4BCE /* Categories */,
				02E071661540954700BF4BCE /* Misc */,
				02E0713B154094FE00BF4BCE /* Supporting Files */,
			);
			path = RFLibraries;
			sourceTree = "<group>";
		};
		02E0713B154094FE00BF4BCE /* Supporting Files */ = {
			isa = PBXGroup;
			children = (
				029B447215412BD500D0E250 /* RFLibraries-Prefix.pch */,
			);
			name = "Supporting Files";
			sourceTree = "<group>";
		};
		02E071661540954700BF4BCE /* Misc */ = {
			isa = PBXGroup;
			children = (
				02780EA61541333B006332E0 /* ISO8601DateFormatter.h */,
				02780EA71541333B006332E0 /* ISO8601DateFormatter.m */,
				02780EA81541333B006332E0 /* Reachability.h */,
				02780EA91541333B006332E0 /* Reachability.m */,
				02780EAA1541333B006332E0 /* RFMacros.h */,
				02780EAB1541333B006332E0 /* WebSnapsticle.h */,
				02780EAC1541333B006332E0 /* WebSnapsticle.m */,
			);
			name = Misc;
			sourceTree = "<group>";
		};
		02E071671540955100BF4BCE /* Categories */ = {
			isa = PBXGroup;
			children = (
				02780EA41541333B006332E0 /* CoreGraphics+DDAdditions.h */,
				02780EA51541333B006332E0 /* CoreGraphics+TVAdditions.h */,
				02780EE315413370006332E0 /* NSArray+Additions.h */,
				02780EE415413370006332E0 /* NSArray+Additions.m */,
				02780EE515413370006332E0 /* NSArray+Reverse.h */,
				02780EE615413370006332E0 /* NSArray+Reverse.m */,
				02780EE715413370006332E0 /* NSDate+Additions.h */,
				02780EE815413370006332E0 /* NSDate+Additions.m */,
				02780EE915413370006332E0 /* NSDate+Utilities.h */,
				02780EEA15413370006332E0 /* NSDate+Utilities.m */,
				02780EEB15413370006332E0 /* NSString+Additions.h */,
				02780EEC15413370006332E0 /* NSString+Additions.m */,
				02780EED15413370006332E0 /* UIColor+Additions.h */,
				02780EEE15413370006332E0 /* UIColor+Additions.m */,
				02780EEF15413370006332E0 /* UIImage+Additions.h */,
				02780EF015413370006332E0 /* UIImage+Additions.m */,
				02780EF115413370006332E0 /* UIView+Additions.h */,
				02780EF215413370006332E0 /* UIView+Additions.m */,
			);
			name = Categories;
			sourceTree = "<group>";
		};
		02E071681540955B00BF4BCE /* Views */ = {
			isa = PBXGroup;
			children = (
				02780EB915413358006332E0 /* GradientView.h */,
				02780EBA15413358006332E0 /* GradientView.m */,
				02780EBB15413358006332E0 /* HorizontalTableView.h */,
				02780EBC15413358006332E0 /* HorizontalTableView.m */,
				02780EBD15413358006332E0 /* ImageSpinnerView.h */,
				02780EBE15413358006332E0 /* ImageSpinnerView.m */,
				02780EBF15413358006332E0 /* ImageViewCenteredFit.h */,
				02780EC015413358006332E0 /* ImageViewCenteredFit.m */,
				02780EC115413358006332E0 /* LoadingView.h */,
				02780EC215413358006332E0 /* LoadingView.m */,
				02780EC315413358006332E0 /* LoadingView.xib */,
				02780EC415413358006332E0 /* RNTextView.h */,
				02780EC515413358006332E0 /* RNTextView.m */,
				02780EC615413358006332E0 /* TextFieldWithInset.h */,
				02780EC715413358006332E0 /* TextFieldWithInset.m */,
				02780F3F15413CCA006332E0 /* BorderView.h */,
				02780F4015413CCA006332E0 /* BorderView.m */,
				02780EC815413358006332E0 /* YoutubeView.h */,
				02780EC915413358006332E0 /* YoutubeView.m */,
			);
			name = Views;
			sourceTree = "<group>";
		};
/* End PBXGroup section */

/* Begin PBXHeadersBuildPhase section */
		02E07133154094FE00BF4BCE /* Headers */ = {
			isa = PBXHeadersBuildPhase;
			buildActionMask = 2147483647;
			files = (
				029B447315412BD500D0E250 /* RFLibraries-Prefix.pch in Headers */,
				02780EAD1541333B006332E0 /* CoreGraphics+DDAdditions.h in Headers */,
				02780EAE1541333B006332E0 /* CoreGraphics+TVAdditions.h in Headers */,
				02780EAF1541333B006332E0 /* ISO8601DateFormatter.h in Headers */,
				02780EB21541333B006332E0 /* Reachability.h in Headers */,
				02780EB51541333B006332E0 /* RFMacros.h in Headers */,
				02780EB61541333B006332E0 /* WebSnapsticle.h in Headers */,
				02780ECA15413358006332E0 /* GradientView.h in Headers */,
				02780ECD15413358006332E0 /* HorizontalTableView.h in Headers */,
				02780ED015413358006332E0 /* ImageSpinnerView.h in Headers */,
				02780ED315413358006332E0 /* ImageViewCenteredFit.h in Headers */,
				02780ED615413358006332E0 /* LoadingView.h in Headers */,
				02780EDA15413358006332E0 /* RNTextView.h in Headers */,
				02780EDD15413358006332E0 /* TextFieldWithInset.h in Headers */,
				02780EE015413358006332E0 /* YoutubeView.h in Headers */,
				02780EF315413370006332E0 /* NSArray+Additions.h in Headers */,
				02780EF615413370006332E0 /* NSArray+Reverse.h in Headers */,
				02780EF915413370006332E0 /* NSDate+Additions.h in Headers */,
				02780EFC15413370006332E0 /* NSDate+Utilities.h in Headers */,
				02780EFF15413370006332E0 /* NSString+Additions.h in Headers */,
				02780F0215413370006332E0 /* UIColor+Additions.h in Headers */,
				02780F0515413370006332E0 /* UIImage+Additions.h in Headers */,
				02780F0815413370006332E0 /* UIView+Additions.h in Headers */,
				02780F4115413CCA006332E0 /* BorderView.h in Headers */,
			);
			runOnlyForDeploymentPostprocessing = 0;
		};
/* End PBXHeadersBuildPhase section */

/* Begin PBXNativeTarget section */
		02E07134154094FE00BF4BCE /* RFLibrary */ = {
			isa = PBXNativeTarget;
			buildConfigurationList = 02E07159154094FE00BF4BCE /* Build configuration list for PBXNativeTarget "RFLibrary" */;
			buildPhases = (
				02E07131154094FE00BF4BCE /* Sources */,
				02E07132154094FE00BF4BCE /* Frameworks */,
				02E07133154094FE00BF4BCE /* Headers */,
			);
			buildRules = (
			);
			dependencies = (
			);
			name = RFLibrary;
			productName = RFLibraries;
			productReference = 02E07135154094FE00BF4BCE /* libRFLibrary.a */;
			productType = "com.apple.product-type.library.static";
		};
/* End PBXNativeTarget section */

/* Begin PBXProject section */
		02E0712C154094FE00BF4BCE /* Project object */ = {
			isa = PBXProject;
			attributes = {
				LastUpgradeCheck = 0430;
				ORGANIZATIONNAME = Itv;
			};
			buildConfigurationList = 02E0712F154094FE00BF4BCE /* Build configuration list for PBXProject "RFLibrary" */;
			compatibilityVersion = "Xcode 3.2";
			developmentRegion = English;
			hasScannedForEncodings = 0;
			knownRegions = (
				en,
			);
			mainGroup = 02E0712A154094FE00BF4BCE;
			productRefGroup = 02E07136154094FE00BF4BCE /* Products */;
			projectDirPath = "";
			projectRoot = "";
			targets = (
				02E07134154094FE00BF4BCE /* RFLibrary */,
			);
		};
/* End PBXProject section */

/* Begin PBXSourcesBuildPhase section */
		02E07131154094FE00BF4BCE /* Sources */ = {
			isa = PBXSourcesBuildPhase;
			buildActionMask = 2147483647;
			files = (
				02780EB01541333B006332E0 /* ISO8601DateFormatter.m in Sources */,
				02780EB31541333B006332E0 /* Reachability.m in Sources */,
				02780EB71541333B006332E0 /* WebSnapsticle.m in Sources */,
				02780ECB15413358006332E0 /* GradientView.m in Sources */,
				02780ECE15413358006332E0 /* HorizontalTableView.m in Sources */,
				02780ED115413358006332E0 /* ImageSpinnerView.m in Sources */,
				02780ED415413358006332E0 /* ImageViewCenteredFit.m in Sources */,
				02780ED715413358006332E0 /* LoadingView.m in Sources */,
				02780EDB15413358006332E0 /* RNTextView.m in Sources */,
				02780EDE15413358006332E0 /* TextFieldWithInset.m in Sources */,
				02780EE115413358006332E0 /* YoutubeView.m in Sources */,
				02780EF415413370006332E0 /* NSArray+Additions.m in Sources */,
				02780EF715413370006332E0 /* NSArray+Reverse.m in Sources */,
				02780EFA15413370006332E0 /* NSDate+Additions.m in Sources */,
				02780EFD15413370006332E0 /* NSDate+Utilities.m in Sources */,
				02780F0015413370006332E0 /* NSString+Additions.m in Sources */,
				02780F0315413370006332E0 /* UIColor+Additions.m in Sources */,
				02780F0615413370006332E0 /* UIImage+Additions.m in Sources */,
				02780F0915413370006332E0 /* UIView+Additions.m in Sources */,
				02780F4215413CCA006332E0 /* BorderView.m in Sources */,
			);
			runOnlyForDeploymentPostprocessing = 0;
		};
/* End PBXSourcesBuildPhase section */

/* Begin XCBuildConfiguration section */
		02E07157154094FE00BF4BCE /* Debug */ = {
			isa = XCBuildConfiguration;
			buildSettings = {
				ALWAYS_SEARCH_USER_PATHS = NO;
				ARCHS = "$(ARCHS_STANDARD_32_BIT)";
				CLANG_ENABLE_OBJC_ARC = YES;
				COPY_PHASE_STRIP = NO;
				GCC_C_LANGUAGE_STANDARD = gnu99;
				GCC_DYNAMIC_NO_PIC = NO;
				GCC_OPTIMIZATION_LEVEL = 0;
				GCC_PREPROCESSOR_DEFINITIONS = (
					"DEBUG=1",
					"$(inherited)",
				);
				GCC_SYMBOLS_PRIVATE_EXTERN = NO;
				GCC_VERSION = com.apple.compilers.llvm.clang.1_0;
				GCC_WARN_ABOUT_RETURN_TYPE = YES;
				GCC_WARN_UNINITIALIZED_AUTOS = YES;
				GCC_WARN_UNUSED_VARIABLE = YES;
				IPHONEOS_DEPLOYMENT_TARGET = 5.1;
				SDKROOT = iphoneos;
			};
			name = Debug;
		};
		02E07158154094FE00BF4BCE /* Release */ = {
			isa = XCBuildConfiguration;
			buildSettings = {
				ALWAYS_SEARCH_USER_PATHS = NO;
				ARCHS = "$(ARCHS_STANDARD_32_BIT)";
				CLANG_ENABLE_OBJC_ARC = YES;
				COPY_PHASE_STRIP = YES;
				GCC_C_LANGUAGE_STANDARD = gnu99;
				GCC_VERSION = com.apple.compilers.llvm.clang.1_0;
				GCC_WARN_ABOUT_RETURN_TYPE = YES;
				GCC_WARN_UNINITIALIZED_AUTOS = YES;
				GCC_WARN_UNUSED_VARIABLE = YES;
				IPHONEOS_DEPLOYMENT_TARGET = 5.1;
				SDKROOT = iphoneos;
				VALIDATE_PRODUCT = YES;
			};
			name = Release;
		};
		02E0715A154094FE00BF4BCE /* Debug */ = {
			isa = XCBuildConfiguration;
			buildSettings = {
				DSTROOT = /tmp/RFLibraries.dst;
				GCC_PRECOMPILE_PREFIX_HEADER = YES;
				GCC_PREFIX_HEADER = "RFLibrary/RFLibraries-Prefix.pch";
				OTHER_LDFLAGS = "-ObjC";
				PRODUCT_NAME = "$(TARGET_NAME)";
				SKIP_INSTALL = YES;
			};
			name = Debug;
		};
		02E0715B154094FE00BF4BCE /* Release */ = {
			isa = XCBuildConfiguration;
			buildSettings = {
				DSTROOT = /tmp/RFLibraries.dst;
				GCC_PRECOMPILE_PREFIX_HEADER = YES;
				GCC_PREFIX_HEADER = "RFLibrary/RFLibraries-Prefix.pch";
				OTHER_LDFLAGS = "-ObjC";
				PRODUCT_NAME = "$(TARGET_NAME)";
				SKIP_INSTALL = YES;
			};
			name = Release;
		};
/* End XCBuildConfiguration section */

/* Begin XCConfigurationList section */
		02E0712F154094FE00BF4BCE /* Build configuration list for PBXProject "RFLibrary" */ = {
			isa = XCConfigurationList;
			buildConfigurations = (
				02E07157154094FE00BF4BCE /* Debug */,
				02E07158154094FE00BF4BCE /* Release */,
			);
			defaultConfigurationIsVisible = 0;
			defaultConfigurationName = Release;
		};
		02E07159154094FE00BF4BCE /* Build configuration list for PBXNativeTarget "RFLibrary" */ = {
			isa = XCConfigurationList;
			buildConfigurations = (
				02E0715A154094FE00BF4BCE /* Debug */,
				02E0715B154094FE00BF4BCE /* Release */,
			);
			defaultConfigurationIsVisible = 0;
			defaultConfigurationName = Release;
		};
/* End XCConfigurationList section */
	};
	rootObject = 02E0712C154094FE00BF4BCE /* Project object */;
}
